// !$*UTF8*$!
{
	archiveVersion = 1;
	classes = {
	};
	objectVersion = 46;
	objects = {

/* Begin PBXBuildFile section */
		144BC0EE56B49D5FB5315F92 /* libPods-Foodu.a in Frameworks */ = {isa = PBXBuildFile; fileRef = CCFAF6497C80E73F5B2BFCC8 /* libPods-Foodu.a */; };
		582006D11C3E421C00BD0FCD /* FTabBarController.m in Sources */ = {isa = PBXBuildFile; fileRef = 582006D01C3E421C00BD0FCD /* FTabBarController.m */; };
		5823BFBF1C58C0BA00DEBD18 /* button_record-512.png in Resources */ = {isa = PBXBuildFile; fileRef = 5823BFBE1C58C0BA00DEBD18 /* button_record-512.png */; };
		5861BD291C3CF18300AE6B96 /* TPFloatRatingView.m in Sources */ = {isa = PBXBuildFile; fileRef = 5861BD281C3CF18300AE6B96 /* TPFloatRatingView.m */; };
		58846B641C3E9230006CFBFB /* UIColor+FColours.m in Sources */ = {isa = PBXBuildFile; fileRef = 58846B631C3E9230006CFBFB /* UIColor+FColours.m */; };
		58AD26051C4F5385009AA930 /* FImagePickerCollectionViewCell.m in Sources */ = {isa = PBXBuildFile; fileRef = 58AD26031C4F5385009AA930 /* FImagePickerCollectionViewCell.m */; };
		58AD26061C4F5385009AA930 /* FImagePickerCollectionViewCell.xib in Resources */ = {isa = PBXBuildFile; fileRef = 58AD26041C4F5385009AA930 /* FImagePickerCollectionViewCell.xib */; };
		58AD26181C4FB2EA009AA930 /* FImagePickerController.m in Sources */ = {isa = PBXBuildFile; fileRef = 58AD26171C4FB2EA009AA930 /* FImagePickerController.m */; };
		58C9F3E91C3A403E00594407 /* main.m in Sources */ = {isa = PBXBuildFile; fileRef = 58C9F3E81C3A403E00594407 /* main.m */; };
		58C9F3EC1C3A403E00594407 /* AppDelegate.m in Sources */ = {isa = PBXBuildFile; fileRef = 58C9F3EB1C3A403E00594407 /* AppDelegate.m */; };
		58C9F3F21C3A403E00594407 /* Main.storyboard in Resources */ = {isa = PBXBuildFile; fileRef = 58C9F3F01C3A403E00594407 /* Main.storyboard */; };
		58C9F3F41C3A403E00594407 /* Assets.xcassets in Resources */ = {isa = PBXBuildFile; fileRef = 58C9F3F31C3A403E00594407 /* Assets.xcassets */; };
		58C9F3F71C3A403E00594407 /* LaunchScreen.storyboard in Resources */ = {isa = PBXBuildFile; fileRef = 58C9F3F51C3A403E00594407 /* LaunchScreen.storyboard */; };
		58ED13331C4CF8E00049F2C2 /* UICollectionView+UICollectionView_Convenience.m in Sources */ = {isa = PBXBuildFile; fileRef = 58ED13301C4CF8E00049F2C2 /* UICollectionView+UICollectionView_Convenience.m */; };
		58ED13341C4CF8E00049F2C2 /* NSIndexSet+NSIndexSet_Convenience.m in Sources */ = {isa = PBXBuildFile; fileRef = 58ED13321C4CF8E00049F2C2 /* NSIndexSet+NSIndexSet_Convenience.m */; };
		58F5A0461C48EDD700A20B56 /* lazy-load-placeholder.png in Resources */ = {isa = PBXBuildFile; fileRef = 58F5A0451C48EDD700A20B56 /* lazy-load-placeholder.png */; };
		ED0E7C381C3C3A86008DB644 /* 1.jpg in Resources */ = {isa = PBXBuildFile; fileRef = ED0E7C011C3C3A86008DB644 /* 1.jpg */; };
		ED0E7C391C3C3A86008DB644 /* 2.jpg in Resources */ = {isa = PBXBuildFile; fileRef = ED0E7C021C3C3A86008DB644 /* 2.jpg */; };
		ED0E7C3A1C3C3A86008DB644 /* 3.jpg in Resources */ = {isa = PBXBuildFile; fileRef = ED0E7C031C3C3A86008DB644 /* 3.jpg */; };
		ED0E7C3B1C3C3A86008DB644 /* 4.jpg in Resources */ = {isa = PBXBuildFile; fileRef = ED0E7C041C3C3A86008DB644 /* 4.jpg */; };
		ED0E7C3C1C3C3A86008DB644 /* 5.jpg in Resources */ = {isa = PBXBuildFile; fileRef = ED0E7C051C3C3A86008DB644 /* 5.jpg */; };
		ED0E7C3D1C3C3A86008DB644 /* 6.jpg in Resources */ = {isa = PBXBuildFile; fileRef = ED0E7C061C3C3A86008DB644 /* 6.jpg */; };
		ED0E7C3E1C3C3A86008DB644 /* 7.jpg in Resources */ = {isa = PBXBuildFile; fileRef = ED0E7C071C3C3A86008DB644 /* 7.jpg */; };
		ED0E7C3F1C3C3A86008DB644 /* 8.jpg in Resources */ = {isa = PBXBuildFile; fileRef = ED0E7C081C3C3A86008DB644 /* 8.jpg */; };
		ED0E7C401C3C3A86008DB644 /* 9.jpg in Resources */ = {isa = PBXBuildFile; fileRef = ED0E7C091C3C3A86008DB644 /* 9.jpg */; };
		ED0E7C411C3C3A86008DB644 /* 10.jpg in Resources */ = {isa = PBXBuildFile; fileRef = ED0E7C0A1C3C3A86008DB644 /* 10.jpg */; };
		ED0E7C421C3C3A86008DB644 /* 11.jpg in Resources */ = {isa = PBXBuildFile; fileRef = ED0E7C0B1C3C3A86008DB644 /* 11.jpg */; };
		ED0E7C431C3C3A86008DB644 /* 12.jpg in Resources */ = {isa = PBXBuildFile; fileRef = ED0E7C0C1C3C3A86008DB644 /* 12.jpg */; };
		ED0E7C441C3C3A86008DB644 /* 13.jpg in Resources */ = {isa = PBXBuildFile; fileRef = ED0E7C0D1C3C3A86008DB644 /* 13.jpg */; };
		ED0E7C451C3C3A86008DB644 /* 14.jpg in Resources */ = {isa = PBXBuildFile; fileRef = ED0E7C0E1C3C3A86008DB644 /* 14.jpg */; };
		ED0E7C461C3C3A86008DB644 /* 15.jpg in Resources */ = {isa = PBXBuildFile; fileRef = ED0E7C0F1C3C3A86008DB644 /* 15.jpg */; };
		ED0E7C471C3C3A86008DB644 /* 16.jpg in Resources */ = {isa = PBXBuildFile; fileRef = ED0E7C101C3C3A86008DB644 /* 16.jpg */; };
		ED0E7C481C3C3A86008DB644 /* 17.jpg in Resources */ = {isa = PBXBuildFile; fileRef = ED0E7C111C3C3A86008DB644 /* 17.jpg */; };
		ED0E7C491C3C3A86008DB644 /* 18.jpg in Resources */ = {isa = PBXBuildFile; fileRef = ED0E7C121C3C3A86008DB644 /* 18.jpg */; };
		ED0E7C4A1C3C3A86008DB644 /* 19.jpg in Resources */ = {isa = PBXBuildFile; fileRef = ED0E7C131C3C3A86008DB644 /* 19.jpg */; };
		ED0E7C4B1C3C3A86008DB644 /* 20.jpg in Resources */ = {isa = PBXBuildFile; fileRef = ED0E7C141C3C3A86008DB644 /* 20.jpg */; };
		ED0E7C4C1C3C3A86008DB644 /* 21.jpg in Resources */ = {isa = PBXBuildFile; fileRef = ED0E7C151C3C3A86008DB644 /* 21.jpg */; };
		ED0E7C4D1C3C3A86008DB644 /* 22.jpg in Resources */ = {isa = PBXBuildFile; fileRef = ED0E7C161C3C3A86008DB644 /* 22.jpg */; };
		ED0E7C4E1C3C3A86008DB644 /* 23.jpg in Resources */ = {isa = PBXBuildFile; fileRef = ED0E7C171C3C3A86008DB644 /* 23.jpg */; };
		ED0E7C4F1C3C3A86008DB644 /* 24.jpg in Resources */ = {isa = PBXBuildFile; fileRef = ED0E7C181C3C3A86008DB644 /* 24.jpg */; };
		ED0E7C501C3C3A86008DB644 /* 25.jpg in Resources */ = {isa = PBXBuildFile; fileRef = ED0E7C191C3C3A86008DB644 /* 25.jpg */; };
		ED0E7C511C3C3A86008DB644 /* 26.jpg in Resources */ = {isa = PBXBuildFile; fileRef = ED0E7C1A1C3C3A86008DB644 /* 26.jpg */; };
		ED0E7C521C3C3A86008DB644 /* 27.jpg in Resources */ = {isa = PBXBuildFile; fileRef = ED0E7C1B1C3C3A86008DB644 /* 27.jpg */; };
		ED0E7C531C3C3A86008DB644 /* 28.jpg in Resources */ = {isa = PBXBuildFile; fileRef = ED0E7C1C1C3C3A86008DB644 /* 28.jpg */; };
		ED0E7C541C3C3A86008DB644 /* 29.jpg in Resources */ = {isa = PBXBuildFile; fileRef = ED0E7C1D1C3C3A86008DB644 /* 29.jpg */; };
		ED0E7C551C3C3A86008DB644 /* 30.jpg in Resources */ = {isa = PBXBuildFile; fileRef = ED0E7C1E1C3C3A86008DB644 /* 30.jpg */; };
		ED0E7C561C3C3A86008DB644 /* 31.jpg in Resources */ = {isa = PBXBuildFile; fileRef = ED0E7C1F1C3C3A86008DB644 /* 31.jpg */; };
		ED0E7C571C3C3A86008DB644 /* 32.jpg in Resources */ = {isa = PBXBuildFile; fileRef = ED0E7C201C3C3A86008DB644 /* 32.jpg */; };
		ED0E7C581C3C3A86008DB644 /* 33.jpg in Resources */ = {isa = PBXBuildFile; fileRef = ED0E7C211C3C3A86008DB644 /* 33.jpg */; };
		ED0E7C591C3C3A86008DB644 /* 34.jpg in Resources */ = {isa = PBXBuildFile; fileRef = ED0E7C221C3C3A86008DB644 /* 34.jpg */; };
		ED0E7C5A1C3C3A86008DB644 /* 35.jpg in Resources */ = {isa = PBXBuildFile; fileRef = ED0E7C231C3C3A86008DB644 /* 35.jpg */; };
		ED0E7C5B1C3C3A86008DB644 /* 36.jpg in Resources */ = {isa = PBXBuildFile; fileRef = ED0E7C241C3C3A86008DB644 /* 36.jpg */; };
		ED0E7C5C1C3C3A86008DB644 /* 37.jpg in Resources */ = {isa = PBXBuildFile; fileRef = ED0E7C251C3C3A86008DB644 /* 37.jpg */; };
		ED0E7C5D1C3C3A86008DB644 /* 38.jpg in Resources */ = {isa = PBXBuildFile; fileRef = ED0E7C261C3C3A86008DB644 /* 38.jpg */; };
		ED0E7C5E1C3C3A86008DB644 /* 39.jpg in Resources */ = {isa = PBXBuildFile; fileRef = ED0E7C271C3C3A86008DB644 /* 39.jpg */; };
		ED0E7C5F1C3C3A86008DB644 /* 40.jpg in Resources */ = {isa = PBXBuildFile; fileRef = ED0E7C281C3C3A86008DB644 /* 40.jpg */; };
		ED0E7C601C3C3A86008DB644 /* 41.jpg in Resources */ = {isa = PBXBuildFile; fileRef = ED0E7C291C3C3A86008DB644 /* 41.jpg */; };
		ED0E7C611C3C3A86008DB644 /* 42.jpg in Resources */ = {isa = PBXBuildFile; fileRef = ED0E7C2A1C3C3A86008DB644 /* 42.jpg */; };
		ED0E7C621C3C3A86008DB644 /* 43.jpg in Resources */ = {isa = PBXBuildFile; fileRef = ED0E7C2B1C3C3A86008DB644 /* 43.jpg */; };
		ED0E7C631C3C3A86008DB644 /* 44.jpg in Resources */ = {isa = PBXBuildFile; fileRef = ED0E7C2C1C3C3A86008DB644 /* 44.jpg */; };
		ED0E7C641C3C3A86008DB644 /* 45.jpg in Resources */ = {isa = PBXBuildFile; fileRef = ED0E7C2D1C3C3A86008DB644 /* 45.jpg */; };
		ED0E7C651C3C3A86008DB644 /* 46.jpg in Resources */ = {isa = PBXBuildFile; fileRef = ED0E7C2E1C3C3A86008DB644 /* 46.jpg */; };
		ED0E7C661C3C3A86008DB644 /* 47.jpg in Resources */ = {isa = PBXBuildFile; fileRef = ED0E7C2F1C3C3A86008DB644 /* 47.jpg */; };
		ED0E7C671C3C3A86008DB644 /* 48.jpg in Resources */ = {isa = PBXBuildFile; fileRef = ED0E7C301C3C3A86008DB644 /* 48.jpg */; };
		ED0E7C681C3C3A86008DB644 /* 49.jpg in Resources */ = {isa = PBXBuildFile; fileRef = ED0E7C311C3C3A86008DB644 /* 49.jpg */; };
		ED0E7C691C3C3A86008DB644 /* 50.jpg in Resources */ = {isa = PBXBuildFile; fileRef = ED0E7C321C3C3A86008DB644 /* 50.jpg */; };
		ED0E7C6A1C3C3A86008DB644 /* 51.jpg in Resources */ = {isa = PBXBuildFile; fileRef = ED0E7C331C3C3A86008DB644 /* 51.jpg */; };
		ED0E7C6B1C3C3A86008DB644 /* 52.jpg in Resources */ = {isa = PBXBuildFile; fileRef = ED0E7C341C3C3A86008DB644 /* 52.jpg */; };
		ED0E7C6C1C3C3A86008DB644 /* 53.jpg in Resources */ = {isa = PBXBuildFile; fileRef = ED0E7C351C3C3A86008DB644 /* 53.jpg */; };
		ED0E7C6D1C3C3A86008DB644 /* 54.jpg in Resources */ = {isa = PBXBuildFile; fileRef = ED0E7C361C3C3A86008DB644 /* 54.jpg */; };
		ED0E7C6E1C3C3A86008DB644 /* 55.jpg in Resources */ = {isa = PBXBuildFile; fileRef = ED0E7C371C3C3A86008DB644 /* 55.jpg */; };
		ED5888481C40F18900922C9A /* FUserDefaults.m in Sources */ = {isa = PBXBuildFile; fileRef = ED5888471C40F18900922C9A /* FUserDefaults.m */; };
		ED58884E1C410B2600922C9A /* FSignUpViewController.m in Sources */ = {isa = PBXBuildFile; fileRef = ED58884D1C410B2600922C9A /* FSignUpViewController.m */; };
/* End PBXBuildFile section */

/* Begin PBXFileReference section */
		0AE1ADD613B028C20C0E9482 /* Pods-Foodu.release.xcconfig */ = {isa = PBXFileReference; includeInIndex = 1; lastKnownFileType = text.xcconfig; name = "Pods-Foodu.release.xcconfig"; path = "Pods/Target Support Files/Pods-Foodu/Pods-Foodu.release.xcconfig"; sourceTree = "<group>"; };
		3C3FBC2527F742A7ABA557AF /* Pods-Foodu.debug.xcconfig */ = {isa = PBXFileReference; includeInIndex = 1; lastKnownFileType = text.xcconfig; name = "Pods-Foodu.debug.xcconfig"; path = "Pods/Target Support Files/Pods-Foodu/Pods-Foodu.debug.xcconfig"; sourceTree = "<group>"; };
		582006CF1C3E421C00BD0FCD /* FTabBarController.h */ = {isa = PBXFileReference; fileEncoding = 4; lastKnownFileType = sourcecode.c.h; path = FTabBarController.h; sourceTree = "<group>"; };
		582006D01C3E421C00BD0FCD /* FTabBarController.m */ = {isa = PBXFileReference; fileEncoding = 4; lastKnownFileType = sourcecode.c.objc; path = FTabBarController.m; sourceTree = "<group>"; };
		5823BFBE1C58C0BA00DEBD18 /* button_record-512.png */ = {isa = PBXFileReference; lastKnownFileType = image.png; path = "button_record-512.png"; sourceTree = "<group>"; };
		5861BD271C3CF18300AE6B96 /* TPFloatRatingView.h */ = {isa = PBXFileReference; fileEncoding = 4; lastKnownFileType = sourcecode.c.h; path = TPFloatRatingView.h; sourceTree = "<group>"; };
		5861BD281C3CF18300AE6B96 /* TPFloatRatingView.m */ = {isa = PBXFileReference; fileEncoding = 4; lastKnownFileType = sourcecode.c.objc; path = TPFloatRatingView.m; sourceTree = "<group>"; };
		58846B621C3E9230006CFBFB /* UIColor+FColours.h */ = {isa = PBXFileReference; fileEncoding = 4; lastKnownFileType = sourcecode.c.h; path = "UIColor+FColours.h"; sourceTree = "<group>"; };
		58846B631C3E9230006CFBFB /* UIColor+FColours.m */ = {isa = PBXFileReference; fileEncoding = 4; lastKnownFileType = sourcecode.c.objc; path = "UIColor+FColours.m"; sourceTree = "<group>"; };
		58AD26021C4F5385009AA930 /* FImagePickerCollectionViewCell.h */ = {isa = PBXFileReference; fileEncoding = 4; lastKnownFileType = sourcecode.c.h; path = FImagePickerCollectionViewCell.h; sourceTree = "<group>"; };
		58AD26031C4F5385009AA930 /* FImagePickerCollectionViewCell.m */ = {isa = PBXFileReference; fileEncoding = 4; lastKnownFileType = sourcecode.c.objc; path = FImagePickerCollectionViewCell.m; sourceTree = "<group>"; };
		58AD26041C4F5385009AA930 /* FImagePickerCollectionViewCell.xib */ = {isa = PBXFileReference; fileEncoding = 4; lastKnownFileType = file.xib; path = FImagePickerCollectionViewCell.xib; sourceTree = "<group>"; };
		58AD26161C4FB2EA009AA930 /* FImagePickerController.h */ = {isa = PBXFileReference; fileEncoding = 4; lastKnownFileType = sourcecode.c.h; path = FImagePickerController.h; sourceTree = "<group>"; };
		58AD26171C4FB2EA009AA930 /* FImagePickerController.m */ = {isa = PBXFileReference; fileEncoding = 4; lastKnownFileType = sourcecode.c.objc; path = FImagePickerController.m; sourceTree = "<group>"; };
		58C9F3E41C3A403E00594407 /* Foodu.app */ = {isa = PBXFileReference; explicitFileType = wrapper.application; includeInIndex = 0; path = Foodu.app; sourceTree = BUILT_PRODUCTS_DIR; };
		58C9F3E81C3A403E00594407 /* main.m */ = {isa = PBXFileReference; lastKnownFileType = sourcecode.c.objc; path = main.m; sourceTree = "<group>"; };
		58C9F3EA1C3A403E00594407 /* AppDelegate.h */ = {isa = PBXFileReference; lastKnownFileType = sourcecode.c.h; path = AppDelegate.h; sourceTree = "<group>"; };
		58C9F3EB1C3A403E00594407 /* AppDelegate.m */ = {isa = PBXFileReference; lastKnownFileType = sourcecode.c.objc; path = AppDelegate.m; sourceTree = "<group>"; };
		58C9F3F11C3A403E00594407 /* Base */ = {isa = PBXFileReference; lastKnownFileType = file.storyboard; name = Base; path = Base.lproj/Main.storyboard; sourceTree = "<group>"; };
		58C9F3F31C3A403E00594407 /* Assets.xcassets */ = {isa = PBXFileReference; lastKnownFileType = folder.assetcatalog; path = Assets.xcassets; sourceTree = "<group>"; };
		58C9F3F61C3A403E00594407 /* Base */ = {isa = PBXFileReference; lastKnownFileType = file.storyboard; name = Base; path = Base.lproj/LaunchScreen.storyboard; sourceTree = "<group>"; };
		58C9F3F81C3A403E00594407 /* Info.plist */ = {isa = PBXFileReference; lastKnownFileType = text.plist.xml; path = Info.plist; sourceTree = "<group>"; };
		58C9F4131C3A67A100594407 /* PrefixHeader.pch */ = {isa = PBXFileReference; lastKnownFileType = sourcecode.c.h; path = PrefixHeader.pch; sourceTree = "<group>"; };
		58ED132F1C4CF8E00049F2C2 /* UICollectionView+UICollectionView_Convenience.h */ = {isa = PBXFileReference; fileEncoding = 4; lastKnownFileType = sourcecode.c.h; path = "UICollectionView+UICollectionView_Convenience.h"; sourceTree = "<group>"; };
		58ED13301C4CF8E00049F2C2 /* UICollectionView+UICollectionView_Convenience.m */ = {isa = PBXFileReference; fileEncoding = 4; lastKnownFileType = sourcecode.c.objc; path = "UICollectionView+UICollectionView_Convenience.m"; sourceTree = "<group>"; };
		58ED13311C4CF8E00049F2C2 /* NSIndexSet+NSIndexSet_Convenience.h */ = {isa = PBXFileReference; fileEncoding = 4; lastKnownFileType = sourcecode.c.h; path = "NSIndexSet+NSIndexSet_Convenience.h"; sourceTree = "<group>"; };
		58ED13321C4CF8E00049F2C2 /* NSIndexSet+NSIndexSet_Convenience.m */ = {isa = PBXFileReference; fileEncoding = 4; lastKnownFileType = sourcecode.c.objc; path = "NSIndexSet+NSIndexSet_Convenience.m"; sourceTree = "<group>"; };
		58F5A0451C48EDD700A20B56 /* lazy-load-placeholder.png */ = {isa = PBXFileReference; lastKnownFileType = image.png; path = "lazy-load-placeholder.png"; sourceTree = "<group>"; };
		CCFAF6497C80E73F5B2BFCC8 /* libPods-Foodu.a */ = {isa = PBXFileReference; explicitFileType = archive.ar; includeInIndex = 0; path = "libPods-Foodu.a"; sourceTree = BUILT_PRODUCTS_DIR; };
		ED0E7C011C3C3A86008DB644 /* 1.jpg */ = {isa = PBXFileReference; lastKnownFileType = image.jpeg; path = 1.jpg; sourceTree = "<group>"; };
		ED0E7C021C3C3A86008DB644 /* 2.jpg */ = {isa = PBXFileReference; lastKnownFileType = image.jpeg; path = 2.jpg; sourceTree = "<group>"; };
		ED0E7C031C3C3A86008DB644 /* 3.jpg */ = {isa = PBXFileReference; lastKnownFileType = image.jpeg; path = 3.jpg; sourceTree = "<group>"; };
		ED0E7C041C3C3A86008DB644 /* 4.jpg */ = {isa = PBXFileReference; lastKnownFileType = image.jpeg; path = 4.jpg; sourceTree = "<group>"; };
		ED0E7C051C3C3A86008DB644 /* 5.jpg */ = {isa = PBXFileReference; lastKnownFileType = image.jpeg; path = 5.jpg; sourceTree = "<group>"; };
		ED0E7C061C3C3A86008DB644 /* 6.jpg */ = {isa = PBXFileReference; lastKnownFileType = image.jpeg; path = 6.jpg; sourceTree = "<group>"; };
		ED0E7C071C3C3A86008DB644 /* 7.jpg */ = {isa = PBXFileReference; lastKnownFileType = image.jpeg; path = 7.jpg; sourceTree = "<group>"; };
		ED0E7C081C3C3A86008DB644 /* 8.jpg */ = {isa = PBXFileReference; lastKnownFileType = image.jpeg; path = 8.jpg; sourceTree = "<group>"; };
		ED0E7C091C3C3A86008DB644 /* 9.jpg */ = {isa = PBXFileReference; lastKnownFileType = image.jpeg; path = 9.jpg; sourceTree = "<group>"; };
		ED0E7C0A1C3C3A86008DB644 /* 10.jpg */ = {isa = PBXFileReference; lastKnownFileType = image.jpeg; path = 10.jpg; sourceTree = "<group>"; };
		ED0E7C0B1C3C3A86008DB644 /* 11.jpg */ = {isa = PBXFileReference; lastKnownFileType = image.jpeg; path = 11.jpg; sourceTree = "<group>"; };
		ED0E7C0C1C3C3A86008DB644 /* 12.jpg */ = {isa = PBXFileReference; lastKnownFileType = image.jpeg; path = 12.jpg; sourceTree = "<group>"; };
		ED0E7C0D1C3C3A86008DB644 /* 13.jpg */ = {isa = PBXFileReference; lastKnownFileType = image.jpeg; path = 13.jpg; sourceTree = "<group>"; };
		ED0E7C0E1C3C3A86008DB644 /* 14.jpg */ = {isa = PBXFileReference; lastKnownFileType = image.jpeg; path = 14.jpg; sourceTree = "<group>"; };
		ED0E7C0F1C3C3A86008DB644 /* 15.jpg */ = {isa = PBXFileReference; lastKnownFileType = image.jpeg; path = 15.jpg; sourceTree = "<group>"; };
		ED0E7C101C3C3A86008DB644 /* 16.jpg */ = {isa = PBXFileReference; lastKnownFileType = image.jpeg; path = 16.jpg; sourceTree = "<group>"; };
		ED0E7C111C3C3A86008DB644 /* 17.jpg */ = {isa = PBXFileReference; lastKnownFileType = image.jpeg; path = 17.jpg; sourceTree = "<group>"; };
		ED0E7C121C3C3A86008DB644 /* 18.jpg */ = {isa = PBXFileReference; lastKnownFileType = image.jpeg; path = 18.jpg; sourceTree = "<group>"; };
		ED0E7C131C3C3A86008DB644 /* 19.jpg */ = {isa = PBXFileReference; lastKnownFileType = image.jpeg; path = 19.jpg; sourceTree = "<group>"; };
		ED0E7C141C3C3A86008DB644 /* 20.jpg */ = {isa = PBXFileReference; lastKnownFileType = image.jpeg; path = 20.jpg; sourceTree = "<group>"; };
		ED0E7C151C3C3A86008DB644 /* 21.jpg */ = {isa = PBXFileReference; lastKnownFileType = image.jpeg; path = 21.jpg; sourceTree = "<group>"; };
		ED0E7C161C3C3A86008DB644 /* 22.jpg */ = {isa = PBXFileReference; lastKnownFileType = image.jpeg; path = 22.jpg; sourceTree = "<group>"; };
		ED0E7C171C3C3A86008DB644 /* 23.jpg */ = {isa = PBXFileReference; lastKnownFileType = image.jpeg; path = 23.jpg; sourceTree = "<group>"; };
		ED0E7C181C3C3A86008DB644 /* 24.jpg */ = {isa = PBXFileReference; lastKnownFileType = image.jpeg; path = 24.jpg; sourceTree = "<group>"; };
		ED0E7C191C3C3A86008DB644 /* 25.jpg */ = {isa = PBXFileReference; lastKnownFileType = image.jpeg; path = 25.jpg; sourceTree = "<group>"; };
		ED0E7C1A1C3C3A86008DB644 /* 26.jpg */ = {isa = PBXFileReference; lastKnownFileType = image.jpeg; path = 26.jpg; sourceTree = "<group>"; };
		ED0E7C1B1C3C3A86008DB644 /* 27.jpg */ = {isa = PBXFileReference; lastKnownFileType = image.jpeg; path = 27.jpg; sourceTree = "<group>"; };
		ED0E7C1C1C3C3A86008DB644 /* 28.jpg */ = {isa = PBXFileReference; lastKnownFileType = image.jpeg; path = 28.jpg; sourceTree = "<group>"; };
		ED0E7C1D1C3C3A86008DB644 /* 29.jpg */ = {isa = PBXFileReference; lastKnownFileType = image.jpeg; path = 29.jpg; sourceTree = "<group>"; };
		ED0E7C1E1C3C3A86008DB644 /* 30.jpg */ = {isa = PBXFileReference; lastKnownFileType = image.jpeg; path = 30.jpg; sourceTree = "<group>"; };
		ED0E7C1F1C3C3A86008DB644 /* 31.jpg */ = {isa = PBXFileReference; lastKnownFileType = image.jpeg; path = 31.jpg; sourceTree = "<group>"; };
		ED0E7C201C3C3A86008DB644 /* 32.jpg */ = {isa = PBXFileReference; lastKnownFileType = image.jpeg; path = 32.jpg; sourceTree = "<group>"; };
		ED0E7C211C3C3A86008DB644 /* 33.jpg */ = {isa = PBXFileReference; lastKnownFileType = image.jpeg; path = 33.jpg; sourceTree = "<group>"; };
		ED0E7C221C3C3A86008DB644 /* 34.jpg */ = {isa = PBXFileReference; lastKnownFileType = image.jpeg; path = 34.jpg; sourceTree = "<group>"; };
		ED0E7C231C3C3A86008DB644 /* 35.jpg */ = {isa = PBXFileReference; lastKnownFileType = image.jpeg; path = 35.jpg; sourceTree = "<group>"; };
		ED0E7C241C3C3A86008DB644 /* 36.jpg */ = {isa = PBXFileReference; lastKnownFileType = image.jpeg; path = 36.jpg; sourceTree = "<group>"; };
		ED0E7C251C3C3A86008DB644 /* 37.jpg */ = {isa = PBXFileReference; lastKnownFileType = image.jpeg; path = 37.jpg; sourceTree = "<group>"; };
		ED0E7C261C3C3A86008DB644 /* 38.jpg */ = {isa = PBXFileReference; lastKnownFileType = image.jpeg; path = 38.jpg; sourceTree = "<group>"; };
		ED0E7C271C3C3A86008DB644 /* 39.jpg */ = {isa = PBXFileReference; lastKnownFileType = image.jpeg; path = 39.jpg; sourceTree = "<group>"; };
		ED0E7C281C3C3A86008DB644 /* 40.jpg */ = {isa = PBXFileReference; lastKnownFileType = image.jpeg; path = 40.jpg; sourceTree = "<group>"; };
		ED0E7C291C3C3A86008DB644 /* 41.jpg */ = {isa = PBXFileReference; lastKnownFileType = image.jpeg; path = 41.jpg; sourceTree = "<group>"; };
		ED0E7C2A1C3C3A86008DB644 /* 42.jpg */ = {isa = PBXFileReference; lastKnownFileType = image.jpeg; path = 42.jpg; sourceTree = "<group>"; };
		ED0E7C2B1C3C3A86008DB644 /* 43.jpg */ = {isa = PBXFileReference; lastKnownFileType = image.jpeg; path = 43.jpg; sourceTree = "<group>"; };
		ED0E7C2C1C3C3A86008DB644 /* 44.jpg */ = {isa = PBXFileReference; lastKnownFileType = image.jpeg; path = 44.jpg; sourceTree = "<group>"; };
		ED0E7C2D1C3C3A86008DB644 /* 45.jpg */ = {isa = PBXFileReference; lastKnownFileType = image.jpeg; path = 45.jpg; sourceTree = "<group>"; };
		ED0E7C2E1C3C3A86008DB644 /* 46.jpg */ = {isa = PBXFileReference; lastKnownFileType = image.jpeg; path = 46.jpg; sourceTree = "<group>"; };
		ED0E7C2F1C3C3A86008DB644 /* 47.jpg */ = {isa = PBXFileReference; lastKnownFileType = image.jpeg; path = 47.jpg; sourceTree = "<group>"; };
		ED0E7C301C3C3A86008DB644 /* 48.jpg */ = {isa = PBXFileReference; lastKnownFileType = image.jpeg; path = 48.jpg; sourceTree = "<group>"; };
		ED0E7C311C3C3A86008DB644 /* 49.jpg */ = {isa = PBXFileReference; lastKnownFileType = image.jpeg; path = 49.jpg; sourceTree = "<group>"; };
		ED0E7C321C3C3A86008DB644 /* 50.jpg */ = {isa = PBXFileReference; lastKnownFileType = image.jpeg; path = 50.jpg; sourceTree = "<group>"; };
		ED0E7C331C3C3A86008DB644 /* 51.jpg */ = {isa = PBXFileReference; lastKnownFileType = image.jpeg; path = 51.jpg; sourceTree = "<group>"; };
		ED0E7C341C3C3A86008DB644 /* 52.jpg */ = {isa = PBXFileReference; lastKnownFileType = image.jpeg; path = 52.jpg; sourceTree = "<group>"; };
		ED0E7C351C3C3A86008DB644 /* 53.jpg */ = {isa = PBXFileReference; lastKnownFileType = image.jpeg; path = 53.jpg; sourceTree = "<group>"; };
		ED0E7C361C3C3A86008DB644 /* 54.jpg */ = {isa = PBXFileReference; lastKnownFileType = image.jpeg; path = 54.jpg; sourceTree = "<group>"; };
		ED0E7C371C3C3A86008DB644 /* 55.jpg */ = {isa = PBXFileReference; lastKnownFileType = image.jpeg; path = 55.jpg; sourceTree = "<group>"; };
		ED5888461C40F18900922C9A /* FUserDefaults.h */ = {isa = PBXFileReference; fileEncoding = 4; lastKnownFileType = sourcecode.c.h; path = FUserDefaults.h; sourceTree = "<group>"; };
		ED5888471C40F18900922C9A /* FUserDefaults.m */ = {isa = PBXFileReference; fileEncoding = 4; lastKnownFileType = sourcecode.c.objc; path = FUserDefaults.m; sourceTree = "<group>"; };
		ED58884C1C410B2600922C9A /* FSignUpViewController.h */ = {isa = PBXFileReference; fileEncoding = 4; lastKnownFileType = sourcecode.c.h; path = FSignUpViewController.h; sourceTree = "<group>"; };
		ED58884D1C410B2600922C9A /* FSignUpViewController.m */ = {isa = PBXFileReference; fileEncoding = 4; lastKnownFileType = sourcecode.c.objc; path = FSignUpViewController.m; sourceTree = "<group>"; };
/* End PBXFileReference section */

/* Begin PBXFrameworksBuildPhase section */
		58C9F3E11C3A403E00594407 /* Frameworks */ = {
			isa = PBXFrameworksBuildPhase;
			buildActionMask = 2147483647;
			files = (
				144BC0EE56B49D5FB5315F92 /* libPods-Foodu.a in Frameworks */,
			);
			runOnlyForDeploymentPostprocessing = 0;
		};
/* End PBXFrameworksBuildPhase section */

/* Begin PBXGroup section */
		3988D154CF887249E48BBE88 /* Pods */ = {
			isa = PBXGroup;
			children = (
				3C3FBC2527F742A7ABA557AF /* Pods-Foodu.debug.xcconfig */,
				0AE1ADD613B028C20C0E9482 /* Pods-Foodu.release.xcconfig */,
			);
			name = Pods;
			sourceTree = "<group>";
		};
		582006CE1C3E280D00BD0FCD /* Tab Bar Controller */ = {
			isa = PBXGroup;
			children = (
				582006CF1C3E421C00BD0FCD /* FTabBarController.h */,
				582006D01C3E421C00BD0FCD /* FTabBarController.m */,
			);
			name = "Tab Bar Controller";
			sourceTree = "<group>";
		};
		5823BFB41C589E5D00DEBD18 /* ImagePicker */ = {
			isa = PBXGroup;
			children = (
				58AD26161C4FB2EA009AA930 /* FImagePickerController.h */,
				58AD26171C4FB2EA009AA930 /* FImagePickerController.m */,
				58ED132F1C4CF8E00049F2C2 /* UICollectionView+UICollectionView_Convenience.h */,
				58ED13301C4CF8E00049F2C2 /* UICollectionView+UICollectionView_Convenience.m */,
				58ED13311C4CF8E00049F2C2 /* NSIndexSet+NSIndexSet_Convenience.h */,
				58ED13321C4CF8E00049F2C2 /* NSIndexSet+NSIndexSet_Convenience.m */,
			);
			name = ImagePicker;
			sourceTree = "<group>";
		};
		5823BFB51C589E7400DEBD18 /* Rating */ = {
			isa = PBXGroup;
			children = (
				5861BD271C3CF18300AE6B96 /* TPFloatRatingView.h */,
				5861BD281C3CF18300AE6B96 /* TPFloatRatingView.m */,
			);
			name = Rating;
			sourceTree = "<group>";
		};
		5823BFB61C589E9300DEBD18 /* Colors */ = {
			isa = PBXGroup;
			children = (
				58846B621C3E9230006CFBFB /* UIColor+FColours.h */,
				58846B631C3E9230006CFBFB /* UIColor+FColours.m */,
			);
			name = Colors;
			sourceTree = "<group>";
		};
		5861BD261C3CF0C200AE6B96 /* Customs */ = {
			isa = PBXGroup;
			children = (
				5823BFB61C589E9300DEBD18 /* Colors */,
				5823BFB51C589E7400DEBD18 /* Rating */,
				5823BFB41C589E5D00DEBD18 /* ImagePicker */,
			);
			name = Customs;
			sourceTree = "<group>";
		};
		58C9F3DB1C3A403E00594407 = {
			isa = PBXGroup;
			children = (
				58C9F3E61C3A403E00594407 /* Foodu */,
				58C9F3E51C3A403E00594407 /* Products */,
				3988D154CF887249E48BBE88 /* Pods */,
				CC5A19B8C644861B42B73FD7 /* Frameworks */,
			);
			sourceTree = "<group>";
		};
		58C9F3E51C3A403E00594407 /* Products */ = {
			isa = PBXGroup;
			children = (
				58C9F3E41C3A403E00594407 /* Foodu.app */,
			);
			name = Products;
			sourceTree = "<group>";
		};
		58C9F3E61C3A403E00594407 /* Foodu */ = {
			isa = PBXGroup;
			children = (
				5861BD261C3CF0C200AE6B96 /* Customs */,
				ED0E7C001C3C3A43008DB644 /* New Group */,
				58C9F40C1C3A5F3200594407 /* Models */,
				58C9F4021C3A41CD00594407 /* Cells */,
				58C9F3FE1C3A40B400594407 /* ViewControllers */,
				58C9F3EA1C3A403E00594407 /* AppDelegate.h */,
				58C9F3EB1C3A403E00594407 /* AppDelegate.m */,
				58C9F3F01C3A403E00594407 /* Main.storyboard */,
				58C9F3F31C3A403E00594407 /* Assets.xcassets */,
				58C9F3F51C3A403E00594407 /* LaunchScreen.storyboard */,
				58C9F3F81C3A403E00594407 /* Info.plist */,
				58C9F3E71C3A403E00594407 /* Supporting Files */,
			);
			path = Foodu;
			sourceTree = "<group>";
		};
		58C9F3E71C3A403E00594407 /* Supporting Files */ = {
			isa = PBXGroup;
			children = (
				58C9F3E81C3A403E00594407 /* main.m */,
				58C9F4131C3A67A100594407 /* PrefixHeader.pch */,
			);
			name = "Supporting Files";
			sourceTree = "<group>";
		};
		58C9F3FE1C3A40B400594407 /* ViewControllers */ = {
			isa = PBXGroup;
			children = (
				ED58884B1C410AE300922C9A /* First Launch */,
				582006CE1C3E280D00BD0FCD /* Tab Bar Controller */,
			);
			name = ViewControllers;
			sourceTree = "<group>";
		};
		58C9F4021C3A41CD00594407 /* Cells */ = {
			isa = PBXGroup;
			children = (
				58AD26021C4F5385009AA930 /* FImagePickerCollectionViewCell.h */,
				58AD26031C4F5385009AA930 /* FImagePickerCollectionViewCell.m */,
				58AD26041C4F5385009AA930 /* FImagePickerCollectionViewCell.xib */,
			);
			name = Cells;
			sourceTree = "<group>";
		};
		58C9F40C1C3A5F3200594407 /* Models */ = {
			isa = PBXGroup;
			children = (
				ED5888461C40F18900922C9A /* FUserDefaults.h */,
				ED5888471C40F18900922C9A /* FUserDefaults.m */,
			);
			name = Models;
			sourceTree = "<group>";
		};
		CC5A19B8C644861B42B73FD7 /* Frameworks */ = {
			isa = PBXGroup;
			children = (
				CCFAF6497C80E73F5B2BFCC8 /* libPods-Foodu.a */,
			);
			name = Frameworks;
			sourceTree = "<group>";
		};
		ED0E7C001C3C3A43008DB644 /* New Group */ = {
			isa = PBXGroup;
			children = (
				5823BFBE1C58C0BA00DEBD18 /* button_record-512.png */,
				58F5A0451C48EDD700A20B56 /* lazy-load-placeholder.png */,
				ED0E7C011C3C3A86008DB644 /* 1.jpg */,
				ED0E7C021C3C3A86008DB644 /* 2.jpg */,
				ED0E7C031C3C3A86008DB644 /* 3.jpg */,
				ED0E7C041C3C3A86008DB644 /* 4.jpg */,
				ED0E7C051C3C3A86008DB644 /* 5.jpg */,
				ED0E7C061C3C3A86008DB644 /* 6.jpg */,
				ED0E7C071C3C3A86008DB644 /* 7.jpg */,
				ED0E7C081C3C3A86008DB644 /* 8.jpg */,
				ED0E7C091C3C3A86008DB644 /* 9.jpg */,
				ED0E7C0A1C3C3A86008DB644 /* 10.jpg */,
				ED0E7C0B1C3C3A86008DB644 /* 11.jpg */,
				ED0E7C0C1C3C3A86008DB644 /* 12.jpg */,
				ED0E7C0D1C3C3A86008DB644 /* 13.jpg */,
				ED0E7C0E1C3C3A86008DB644 /* 14.jpg */,
				ED0E7C0F1C3C3A86008DB644 /* 15.jpg */,
				ED0E7C101C3C3A86008DB644 /* 16.jpg */,
				ED0E7C111C3C3A86008DB644 /* 17.jpg */,
				ED0E7C121C3C3A86008DB644 /* 18.jpg */,
				ED0E7C131C3C3A86008DB644 /* 19.jpg */,
				ED0E7C141C3C3A86008DB644 /* 20.jpg */,
				ED0E7C151C3C3A86008DB644 /* 21.jpg */,
				ED0E7C161C3C3A86008DB644 /* 22.jpg */,
				ED0E7C171C3C3A86008DB644 /* 23.jpg */,
				ED0E7C181C3C3A86008DB644 /* 24.jpg */,
				ED0E7C191C3C3A86008DB644 /* 25.jpg */,
				ED0E7C1A1C3C3A86008DB644 /* 26.jpg */,
				ED0E7C1B1C3C3A86008DB644 /* 27.jpg */,
				ED0E7C1C1C3C3A86008DB644 /* 28.jpg */,
				ED0E7C1D1C3C3A86008DB644 /* 29.jpg */,
				ED0E7C1E1C3C3A86008DB644 /* 30.jpg */,
				ED0E7C1F1C3C3A86008DB644 /* 31.jpg */,
				ED0E7C201C3C3A86008DB644 /* 32.jpg */,
				ED0E7C211C3C3A86008DB644 /* 33.jpg */,
				ED0E7C221C3C3A86008DB644 /* 34.jpg */,
				ED0E7C231C3C3A86008DB644 /* 35.jpg */,
				ED0E7C241C3C3A86008DB644 /* 36.jpg */,
				ED0E7C251C3C3A86008DB644 /* 37.jpg */,
				ED0E7C261C3C3A86008DB644 /* 38.jpg */,
				ED0E7C271C3C3A86008DB644 /* 39.jpg */,
				ED0E7C281C3C3A86008DB644 /* 40.jpg */,
				ED0E7C291C3C3A86008DB644 /* 41.jpg */,
				ED0E7C2A1C3C3A86008DB644 /* 42.jpg */,
				ED0E7C2B1C3C3A86008DB644 /* 43.jpg */,
				ED0E7C2C1C3C3A86008DB644 /* 44.jpg */,
				ED0E7C2D1C3C3A86008DB644 /* 45.jpg */,
				ED0E7C2E1C3C3A86008DB644 /* 46.jpg */,
				ED0E7C2F1C3C3A86008DB644 /* 47.jpg */,
				ED0E7C301C3C3A86008DB644 /* 48.jpg */,
				ED0E7C311C3C3A86008DB644 /* 49.jpg */,
				ED0E7C321C3C3A86008DB644 /* 50.jpg */,
				ED0E7C331C3C3A86008DB644 /* 51.jpg */,
				ED0E7C341C3C3A86008DB644 /* 52.jpg */,
				ED0E7C351C3C3A86008DB644 /* 53.jpg */,
				ED0E7C361C3C3A86008DB644 /* 54.jpg */,
				ED0E7C371C3C3A86008DB644 /* 55.jpg */,
			);
			name = "New Group";
			sourceTree = "<group>";
		};
		ED58884B1C410AE300922C9A /* First Launch */ = {
			isa = PBXGroup;
			children = (
				ED58884C1C410B2600922C9A /* FSignUpViewController.h */,
				ED58884D1C410B2600922C9A /* FSignUpViewController.m */,
			);
			name = "First Launch";
			sourceTree = "<group>";
		};
/* End PBXGroup section */

/* Begin PBXNativeTarget section */
		58C9F3E31C3A403E00594407 /* Foodu */ = {
			isa = PBXNativeTarget;
			buildConfigurationList = 58C9F3FB1C3A403E00594407 /* Build configuration list for PBXNativeTarget "Foodu" */;
			buildPhases = (
				28CBB8025289860371642E42 /* Check Pods Manifest.lock */,
				58C9F3E01C3A403E00594407 /* Sources */,
				58C9F3E11C3A403E00594407 /* Frameworks */,
				58C9F3E21C3A403E00594407 /* Resources */,
				04D3899CD3985B4A417583C4 /* Embed Pods Frameworks */,
				89D682C5B91EEB558184DC07 /* Copy Pods Resources */,
			);
			buildRules = (
			);
			dependencies = (
			);
			name = Foodu;
			productName = Foodu;
			productReference = 58C9F3E41C3A403E00594407 /* Foodu.app */;
			productType = "com.apple.product-type.application";
		};
/* End PBXNativeTarget section */

/* Begin PBXProject section */
		58C9F3DC1C3A403E00594407 /* Project object */ = {
			isa = PBXProject;
			attributes = {
				CLASSPREFIX = F;
				LastUpgradeCheck = 0710;
				ORGANIZATIONNAME = Paadam;
				TargetAttributes = {
					58C9F3E31C3A403E00594407 = {
						CreatedOnToolsVersion = 7.1;
					};
				};
			};
			buildConfigurationList = 58C9F3DF1C3A403E00594407 /* Build configuration list for PBXProject "Foodu" */;
			compatibilityVersion = "Xcode 3.2";
			developmentRegion = English;
			hasScannedForEncodings = 0;
			knownRegions = (
				en,
				Base,
			);
			mainGroup = 58C9F3DB1C3A403E00594407;
			productRefGroup = 58C9F3E51C3A403E00594407 /* Products */;
			projectDirPath = "";
			projectRoot = "";
			targets = (
				58C9F3E31C3A403E00594407 /* Foodu */,
			);
		};
/* End PBXProject section */

/* Begin PBXResourcesBuildPhase section */
		58C9F3E21C3A403E00594407 /* Resources */ = {
			isa = PBXResourcesBuildPhase;
			buildActionMask = 2147483647;
			files = (
				ED0E7C471C3C3A86008DB644 /* 16.jpg in Resources */,
				ED0E7C451C3C3A86008DB644 /* 14.jpg in Resources */,
				ED0E7C421C3C3A86008DB644 /* 11.jpg in Resources */,
				ED0E7C6E1C3C3A86008DB644 /* 55.jpg in Resources */,
				ED0E7C401C3C3A86008DB644 /* 9.jpg in Resources */,
				ED0E7C3F1C3C3A86008DB644 /* 8.jpg in Resources */,
				ED0E7C651C3C3A86008DB644 /* 46.jpg in Resources */,
				ED0E7C5E1C3C3A86008DB644 /* 39.jpg in Resources */,
				ED0E7C5C1C3C3A86008DB644 /* 37.jpg in Resources */,
				ED0E7C511C3C3A86008DB644 /* 26.jpg in Resources */,
				ED0E7C591C3C3A86008DB644 /* 34.jpg in Resources */,
				ED0E7C3E1C3C3A86008DB644 /* 7.jpg in Resources */,
				ED0E7C681C3C3A86008DB644 /* 49.jpg in Resources */,
				ED0E7C6B1C3C3A86008DB644 /* 52.jpg in Resources */,
				ED0E7C3B1C3C3A86008DB644 /* 4.jpg in Resources */,
				ED0E7C5D1C3C3A86008DB644 /* 38.jpg in Resources */,
				ED0E7C671C3C3A86008DB644 /* 48.jpg in Resources */,
				ED0E7C551C3C3A86008DB644 /* 30.jpg in Resources */,
				ED0E7C541C3C3A86008DB644 /* 29.jpg in Resources */,
				ED0E7C571C3C3A86008DB644 /* 32.jpg in Resources */,
				ED0E7C601C3C3A86008DB644 /* 41.jpg in Resources */,
				ED0E7C561C3C3A86008DB644 /* 31.jpg in Resources */,
				ED0E7C661C3C3A86008DB644 /* 47.jpg in Resources */,
				ED0E7C5A1C3C3A86008DB644 /* 35.jpg in Resources */,
				ED0E7C461C3C3A86008DB644 /* 15.jpg in Resources */,
				ED0E7C501C3C3A86008DB644 /* 25.jpg in Resources */,
				ED0E7C441C3C3A86008DB644 /* 13.jpg in Resources */,
				ED0E7C391C3C3A86008DB644 /* 2.jpg in Resources */,
				58C9F3F71C3A403E00594407 /* LaunchScreen.storyboard in Resources */,
				ED0E7C6D1C3C3A86008DB644 /* 54.jpg in Resources */,
				ED0E7C4A1C3C3A86008DB644 /* 19.jpg in Resources */,
				ED0E7C3C1C3C3A86008DB644 /* 5.jpg in Resources */,
				ED0E7C4D1C3C3A86008DB644 /* 22.jpg in Resources */,
				ED0E7C491C3C3A86008DB644 /* 18.jpg in Resources */,
				ED0E7C431C3C3A86008DB644 /* 12.jpg in Resources */,
				ED0E7C521C3C3A86008DB644 /* 27.jpg in Resources */,
				ED0E7C3D1C3C3A86008DB644 /* 6.jpg in Resources */,
				58F5A0461C48EDD700A20B56 /* lazy-load-placeholder.png in Resources */,
				ED0E7C411C3C3A86008DB644 /* 10.jpg in Resources */,
				ED0E7C481C3C3A86008DB644 /* 17.jpg in Resources */,
				58AD26061C4F5385009AA930 /* FImagePickerCollectionViewCell.xib in Resources */,
				58C9F3F41C3A403E00594407 /* Assets.xcassets in Resources */,
				ED0E7C691C3C3A86008DB644 /* 50.jpg in Resources */,
				ED0E7C5F1C3C3A86008DB644 /* 40.jpg in Resources */,
				ED0E7C6A1C3C3A86008DB644 /* 51.jpg in Resources */,
				ED0E7C5B1C3C3A86008DB644 /* 36.jpg in Resources */,
				ED0E7C581C3C3A86008DB644 /* 33.jpg in Resources */,
				ED0E7C6C1C3C3A86008DB644 /* 53.jpg in Resources */,
				ED0E7C4C1C3C3A86008DB644 /* 21.jpg in Resources */,
				58C9F3F21C3A403E00594407 /* Main.storyboard in Resources */,
				ED0E7C641C3C3A86008DB644 /* 45.jpg in Resources */,
				ED0E7C4F1C3C3A86008DB644 /* 24.jpg in Resources */,
				ED0E7C4E1C3C3A86008DB644 /* 23.jpg in Resources */,
				ED0E7C3A1C3C3A86008DB644 /* 3.jpg in Resources */,
				ED0E7C381C3C3A86008DB644 /* 1.jpg in Resources */,
				5823BFBF1C58C0BA00DEBD18 /* button_record-512.png in Resources */,
				ED0E7C611C3C3A86008DB644 /* 42.jpg in Resources */,
				ED0E7C4B1C3C3A86008DB644 /* 20.jpg in Resources */,
				ED0E7C631C3C3A86008DB644 /* 44.jpg in Resources */,
				ED0E7C531C3C3A86008DB644 /* 28.jpg in Resources */,
				ED0E7C621C3C3A86008DB644 /* 43.jpg in Resources */,
			);
			runOnlyForDeploymentPostprocessing = 0;
		};
/* End PBXResourcesBuildPhase section */

/* Begin PBXShellScriptBuildPhase section */
		04D3899CD3985B4A417583C4 /* Embed Pods Frameworks */ = {
			isa = PBXShellScriptBuildPhase;
			buildActionMask = 2147483647;
			files = (
			);
			inputPaths = (
			);
			name = "Embed Pods Frameworks";
			outputPaths = (
			);
			runOnlyForDeploymentPostprocessing = 0;
			shellPath = /bin/sh;
			shellScript = "\"${SRCROOT}/Pods/Target Support Files/Pods-Foodu/Pods-Foodu-frameworks.sh\"\n";
			showEnvVarsInLog = 0;
		};
		28CBB8025289860371642E42 /* Check Pods Manifest.lock */ = {
			isa = PBXShellScriptBuildPhase;
			buildActionMask = 2147483647;
			files = (
			);
			inputPaths = (
			);
			name = "Check Pods Manifest.lock";
			outputPaths = (
			);
			runOnlyForDeploymentPostprocessing = 0;
			shellPath = /bin/sh;
			shellScript = "diff \"${PODS_ROOT}/../Podfile.lock\" \"${PODS_ROOT}/Manifest.lock\" > /dev/null\nif [[ $? != 0 ]] ; then\n    cat << EOM\nerror: The sandbox is not in sync with the Podfile.lock. Run 'pod install' or update your CocoaPods installation.\nEOM\n    exit 1\nfi\n";
			showEnvVarsInLog = 0;
		};
		89D682C5B91EEB558184DC07 /* Copy Pods Resources */ = {
			isa = PBXShellScriptBuildPhase;
			buildActionMask = 2147483647;
			files = (
			);
			inputPaths = (
			);
			name = "Copy Pods Resources";
			outputPaths = (
			);
			runOnlyForDeploymentPostprocessing = 0;
			shellPath = /bin/sh;
			shellScript = "\"${SRCROOT}/Pods/Target Support Files/Pods-Foodu/Pods-Foodu-resources.sh\"\n";
			showEnvVarsInLog = 0;
		};
/* End PBXShellScriptBuildPhase section */

/* Begin PBXSourcesBuildPhase section */
		58C9F3E01C3A403E00594407 /* Sources */ = {
			isa = PBXSourcesBuildPhase;
			buildActionMask = 2147483647;
			files = (
				5861BD291C3CF18300AE6B96 /* TPFloatRatingView.m in Sources */,
				ED5888481C40F18900922C9A /* FUserDefaults.m in Sources */,
				58C9F3EC1C3A403E00594407 /* AppDelegate.m in Sources */,
				58846B641C3E9230006CFBFB /* UIColor+FColours.m in Sources */,
				582006D11C3E421C00BD0FCD /* FTabBarController.m in Sources */,
				ED58884E1C410B2600922C9A /* FSignUpViewController.m in Sources */,
				58ED13341C4CF8E00049F2C2 /* NSIndexSet+NSIndexSet_Convenience.m in Sources */,
				58AD26051C4F5385009AA930 /* FImagePickerCollectionViewCell.m in Sources */,
				58C9F3E91C3A403E00594407 /* main.m in Sources */,
				58ED13331C4CF8E00049F2C2 /* UICollectionView+UICollectionView_Convenience.m in Sources */,
				58AD26181C4FB2EA009AA930 /* FImagePickerController.m in Sources */,
			);
			runOnlyForDeploymentPostprocessing = 0;
		};
/* End PBXSourcesBuildPhase section */

/* Begin PBXVariantGroup section */
		58C9F3F01C3A403E00594407 /* Main.storyboard */ = {
			isa = PBXVariantGroup;
			children = (
				58C9F3F11C3A403E00594407 /* Base */,
			);
			name = Main.storyboard;
			sourceTree = "<group>";
		};
		58C9F3F51C3A403E00594407 /* LaunchScreen.storyboard */ = {
			isa = PBXVariantGroup;
			children = (
				58C9F3F61C3A403E00594407 /* Base */,
			);
			name = LaunchScreen.storyboard;
			sourceTree = "<group>";
		};
/* End PBXVariantGroup section */

/* Begin XCBuildConfiguration section */
		58C9F3F91C3A403E00594407 /* Debug */ = {
			isa = XCBuildConfiguration;
			buildSettings = {
				ALWAYS_SEARCH_USER_PATHS = NO;
				CLANG_CXX_LANGUAGE_STANDARD = "gnu++0x";
				CLANG_CXX_LIBRARY = "libc++";
				CLANG_ENABLE_MODULES = YES;
				CLANG_ENABLE_OBJC_ARC = YES;
				CLANG_WARN_BOOL_CONVERSION = YES;
				CLANG_WARN_CONSTANT_CONVERSION = YES;
				CLANG_WARN_DIRECT_OBJC_ISA_USAGE = YES_ERROR;
				CLANG_WARN_EMPTY_BODY = YES;
				CLANG_WARN_ENUM_CONVERSION = YES;
				CLANG_WARN_INT_CONVERSION = YES;
				CLANG_WARN_OBJC_ROOT_CLASS = YES_ERROR;
				CLANG_WARN_UNREACHABLE_CODE = YES;
				CLANG_WARN__DUPLICATE_METHOD_MATCH = YES;
				CODE_SIGN_IDENTITY = "iPhone Developer";
				"CODE_SIGN_IDENTITY[sdk=iphoneos*]" = "iPhone Developer";
				COPY_PHASE_STRIP = NO;
				DEBUG_INFORMATION_FORMAT = dwarf;
				ENABLE_STRICT_OBJC_MSGSEND = YES;
				ENABLE_TESTABILITY = YES;
				GCC_C_LANGUAGE_STANDARD = gnu99;
				GCC_DYNAMIC_NO_PIC = NO;
				GCC_NO_COMMON_BLOCKS = YES;
				GCC_OPTIMIZATION_LEVEL = 0;
				GCC_PREPROCESSOR_DEFINITIONS = (
					"DEBUG=1",
					"$(inherited)",
				);
				GCC_WARN_64_TO_32_BIT_CONVERSION = YES;
				GCC_WARN_ABOUT_RETURN_TYPE = YES_ERROR;
				GCC_WARN_UNDECLARED_SELECTOR = YES;
				GCC_WARN_UNINITIALIZED_AUTOS = YES_AGGRESSIVE;
				GCC_WARN_UNUSED_FUNCTION = YES;
				GCC_WARN_UNUSED_VARIABLE = YES;
				IPHONEOS_DEPLOYMENT_TARGET = 8.0;
				MTL_ENABLE_DEBUG_INFO = YES;
				ONLY_ACTIVE_ARCH = YES;
				SDKROOT = iphoneos;
				TARGETED_DEVICE_FAMILY = "1,2";
			};
			name = Debug;
		};
		58C9F3FA1C3A403E00594407 /* Release */ = {
			isa = XCBuildConfiguration;
			buildSettings = {
				ALWAYS_SEARCH_USER_PATHS = NO;
				CLANG_CXX_LANGUAGE_STANDARD = "gnu++0x";
				CLANG_CXX_LIBRARY = "libc++";
				CLANG_ENABLE_MODULES = YES;
				CLANG_ENABLE_OBJC_ARC = YES;
				CLANG_WARN_BOOL_CONVERSION = YES;
				CLANG_WARN_CONSTANT_CONVERSION = YES;
				CLANG_WARN_DIRECT_OBJC_ISA_USAGE = YES_ERROR;
				CLANG_WARN_EMPTY_BODY = YES;
				CLANG_WARN_ENUM_CONVERSION = YES;
				CLANG_WARN_INT_CONVERSION = YES;
				CLANG_WARN_OBJC_ROOT_CLASS = YES_ERROR;
				CLANG_WARN_UNREACHABLE_CODE = YES;
				CLANG_WARN__DUPLICATE_METHOD_MATCH = YES;
				CODE_SIGN_IDENTITY = "iPhone Distribution";
				"CODE_SIGN_IDENTITY[sdk=iphoneos*]" = "iPhone Distribution";
				COPY_PHASE_STRIP = NO;
				DEBUG_INFORMATION_FORMAT = "dwarf-with-dsym";
				ENABLE_NS_ASSERTIONS = NO;
				ENABLE_STRICT_OBJC_MSGSEND = YES;
				GCC_C_LANGUAGE_STANDARD = gnu99;
				GCC_NO_COMMON_BLOCKS = YES;
				GCC_WARN_64_TO_32_BIT_CONVERSION = YES;
				GCC_WARN_ABOUT_RETURN_TYPE = YES_ERROR;
				GCC_WARN_UNDECLARED_SELECTOR = YES;
				GCC_WARN_UNINITIALIZED_AUTOS = YES_AGGRESSIVE;
				GCC_WARN_UNUSED_FUNCTION = YES;
				GCC_WARN_UNUSED_VARIABLE = YES;
				IPHONEOS_DEPLOYMENT_TARGET = 8.0;
				MTL_ENABLE_DEBUG_INFO = NO;
				SDKROOT = iphoneos;
				TARGETED_DEVICE_FAMILY = "1,2";
				VALIDATE_PRODUCT = YES;
			};
			name = Release;
		};
		58C9F3FC1C3A403E00594407 /* Debug */ = {
			isa = XCBuildConfiguration;
			baseConfigurationReference = 3C3FBC2527F742A7ABA557AF /* Pods-Foodu.debug.xcconfig */;
			buildSettings = {
				ASSETCATALOG_COMPILER_APPICON_NAME = AppIcon;
				CODE_SIGN_IDENTITY = "iPhone Developer";
				GCC_PREFIX_HEADER = Foodu/PrefixHeader.pch;
				INFOPLIST_FILE = Foodu/Info.plist;
				LD_RUNPATH_SEARCH_PATHS = "$(inherited) @executable_path/Frameworks";
				PRODUCT_BUNDLE_IDENTIFIER = com.Paadam.Foodu;
				PRODUCT_NAME = "$(TARGET_NAME)";
			};
			name = Debug;
		};
		58C9F3FD1C3A403E00594407 /* Release */ = {
			isa = XCBuildConfiguration;
			baseConfigurationReference = 0AE1ADD613B028C20C0E9482 /* Pods-Foodu.release.xcconfig */;
			buildSettings = {
				ASSETCATALOG_COMPILER_APPICON_NAME = AppIcon;
				CODE_SIGN_IDENTITY = "iPhone Distribution";
				GCC_PREFIX_HEADER = Foodu/PrefixHeader.pch;
				INFOPLIST_FILE = Foodu/Info.plist;
				LD_RUNPATH_SEARCH_PATHS = "$(inherited) @executable_path/Frameworks";
				PRODUCT_BUNDLE_IDENTIFIER = com.Paadam.Foodu;
				PRODUCT_NAME = "$(TARGET_NAME)";
			};
			name = Release;
		};
/* End XCBuildConfiguration section */

/* Begin XCConfigurationList section */
		58C9F3DF1C3A403E00594407 /* Build configuration list for PBXProject "Foodu" */ = {
			isa = XCConfigurationList;
			buildConfigurations = (
				58C9F3F91C3A403E00594407 /* Debug */,
				58C9F3FA1C3A403E00594407 /* Release */,
			);
			defaultConfigurationIsVisible = 0;
			defaultConfigurationName = Release;
		};
		58C9F3FB1C3A403E00594407 /* Build configuration list for PBXNativeTarget "Foodu" */ = {
			isa = XCConfigurationList;
			buildConfigurations = (
				58C9F3FC1C3A403E00594407 /* Debug */,
				58C9F3FD1C3A403E00594407 /* Release */,
			);
			defaultConfigurationIsVisible = 0;
			defaultConfigurationName = Release;
		};
/* End XCConfigurationList section */
	};
	rootObject = 58C9F3DC1C3A403E00594407 /* Project object */;
}
