// !$*UTF8*$!
{
	archiveVersion = 1;
	classes = {
	};
	objectVersion = 46;
	objects = {

/* Begin PBXBuildFile section */
		144BC0EE56B49D5FB5315F92 /* libPods-Foodu.a in Frameworks */ = {isa = PBXBuildFile; fileRef = CCFAF6497C80E73F5B2BFCC8 /* libPods-Foodu.a */; };
		580023121C9ADEDA00A7AFB6 /* FPageTHREEViewController.m in Sources */ = {isa = PBXBuildFile; fileRef = 580023111C9ADEDA00A7AFB6 /* FPageTHREEViewController.m */; };
		5802DD791CAD13B0006D9CD7 /* IMG_0101.mp4 in Resources */ = {isa = PBXBuildFile; fileRef = 5802DD781CAD13B0006D9CD7 /* IMG_0101.mp4 */; };
		580BF2C11C98320800F50499 /* FFirstLaunchViewController.m in Sources */ = {isa = PBXBuildFile; fileRef = 580BF2C01C98320800F50499 /* FFirstLaunchViewController.m */; };
		580BF2C31C98323F00F50499 /* FirstLaunch.storyboard in Resources */ = {isa = PBXBuildFile; fileRef = 580BF2C21C98323F00F50499 /* FirstLaunch.storyboard */; };
		580BF2C61C9835DC00F50499 /* FPageONEViewController.m in Sources */ = {isa = PBXBuildFile; fileRef = 580BF2C51C9835DC00F50499 /* FPageONEViewController.m */; };
		580C52F41CA1333B0029868F /* FEmailSignUpEMAILViewController.m in Sources */ = {isa = PBXBuildFile; fileRef = 580C52F31CA1333B0029868F /* FEmailSignUpEMAILViewController.m */; };
		58114EC11CABC05700472735 /* FGeoListTableViewCell.m in Sources */ = {isa = PBXBuildFile; fileRef = 58114EC01CABC05700472735 /* FGeoListTableViewCell.m */; };
		58114EC41CABC1F700472735 /* FGeoListTableViewController.m in Sources */ = {isa = PBXBuildFile; fileRef = 58114EC31CABC1F700472735 /* FGeoListTableViewController.m */; };
		58114EC71CABC70F00472735 /* PFNextTableViewCell.m in Sources */ = {isa = PBXBuildFile; fileRef = 58114EC61CABC70F00472735 /* PFNextTableViewCell.m */; };
		581152D71C87191600B592B6 /* Reachability.m in Sources */ = {isa = PBXBuildFile; fileRef = 581152D61C87191600B592B6 /* Reachability.m */; };
		5812BB9D1C9BF13E00C22FDE /* FLocationPickerViewController.m in Sources */ = {isa = PBXBuildFile; fileRef = 5812BB9B1C9BF13E00C22FDE /* FLocationPickerViewController.m */; };
		5812BB9E1C9BF13E00C22FDE /* FLocationPickerViewController.xib in Resources */ = {isa = PBXBuildFile; fileRef = 5812BB9C1C9BF13E00C22FDE /* FLocationPickerViewController.xib */; };
		5812C4AD1C8976C00055A54B /* FAlertView.m in Sources */ = {isa = PBXBuildFile; fileRef = 5812C4AC1C8976C00055A54B /* FAlertView.m */; };
		5813897B1CB380A3007EF325 /* AAPLCameraViewController.m in Sources */ = {isa = PBXBuildFile; fileRef = 581389781CB380A3007EF325 /* AAPLCameraViewController.m */; };
		5813897C1CB380A3007EF325 /* AAPLPreviewView.m in Sources */ = {isa = PBXBuildFile; fileRef = 5813897A1CB380A3007EF325 /* AAPLPreviewView.m */; };
		581389801CB381DF007EF325 /* AAPLCameraViewController.xib in Resources */ = {isa = PBXBuildFile; fileRef = 5813897F1CB381DF007EF325 /* AAPLCameraViewController.xib */; };
		5813898C1CB3B7A5007EF325 /* NSIndexSet+Convenience.m in Sources */ = {isa = PBXBuildFile; fileRef = 581389891CB3B7A5007EF325 /* NSIndexSet+Convenience.m */; };
		5813898D1CB3B7A5007EF325 /* UICollectionView+Convenience.m in Sources */ = {isa = PBXBuildFile; fileRef = 5813898B1CB3B7A5007EF325 /* UICollectionView+Convenience.m */; };
		581389941CB3C433007EF325 /* AAPLGridViewCell2.m in Sources */ = {isa = PBXBuildFile; fileRef = 581389921CB3C433007EF325 /* AAPLGridViewCell2.m */; };
		581389951CB3C433007EF325 /* AAPLGridViewCell2.xib in Resources */ = {isa = PBXBuildFile; fileRef = 581389931CB3C433007EF325 /* AAPLGridViewCell2.xib */; };
		581389991CB3CD5D007EF325 /* FGalleryViewControllers.m in Sources */ = {isa = PBXBuildFile; fileRef = 581389971CB3CD5D007EF325 /* FGalleryViewControllers.m */; };
		5813899A1CB3CD5D007EF325 /* FGalleryViewControllers.xib in Resources */ = {isa = PBXBuildFile; fileRef = 581389981CB3CD5D007EF325 /* FGalleryViewControllers.xib */; };
		582006D11C3E421C00BD0FCD /* FTabBarController.m in Sources */ = {isa = PBXBuildFile; fileRef = 582006D01C3E421C00BD0FCD /* FTabBarController.m */; };
		582F20C91CB5128C004976FE /* FEffectCollectionViewCell.m in Sources */ = {isa = PBXBuildFile; fileRef = 582F20C71CB5128C004976FE /* FEffectCollectionViewCell.m */; };
		582F20CA1CB5128C004976FE /* FEffectCollectionViewCell.xib in Resources */ = {isa = PBXBuildFile; fileRef = 582F20C81CB5128C004976FE /* FEffectCollectionViewCell.xib */; };
		5845C2C21CA91B370060E830 /* FEmailSignUpPASSWORDViewController.m in Sources */ = {isa = PBXBuildFile; fileRef = 5845C2C11CA91B370060E830 /* FEmailSignUpPASSWORDViewController.m */; };
		58504A5A1C96B6A000A7E406 /* IMG_0046.PNG in Resources */ = {isa = PBXBuildFile; fileRef = 58504A591C96B6A000A7E406 /* IMG_0046.PNG */; };
		5861BD291C3CF18300AE6B96 /* TPFloatRatingView.m in Sources */ = {isa = PBXBuildFile; fileRef = 5861BD281C3CF18300AE6B96 /* TPFloatRatingView.m */; };
		58846B641C3E9230006CFBFB /* UIColor+FColours.m in Sources */ = {isa = PBXBuildFile; fileRef = 58846B631C3E9230006CFBFB /* UIColor+FColours.m */; };
		58A8A7281C99317900D62E24 /* FPageTWOViewController.m in Sources */ = {isa = PBXBuildFile; fileRef = 58A8A7271C99317900D62E24 /* FPageTWOViewController.m */; };
		58A8A72B1C994E1C00D62E24 /* FPageOne.m in Sources */ = {isa = PBXBuildFile; fileRef = 58A8A72A1C994E1C00D62E24 /* FPageOne.m */; };
		58A8A72E1C994E2D00D62E24 /* FPageTwo.m in Sources */ = {isa = PBXBuildFile; fileRef = 58A8A72D1C994E2D00D62E24 /* FPageTwo.m */; };
		58A8A7311C994E3D00D62E24 /* FPageThree.m in Sources */ = {isa = PBXBuildFile; fileRef = 58A8A7301C994E3D00D62E24 /* FPageThree.m */; };
		58A8A7371C99582500D62E24 /* FPageFour.m in Sources */ = {isa = PBXBuildFile; fileRef = 58A8A7361C99582500D62E24 /* FPageFour.m */; };
		58AD26051C4F5385009AA930 /* FImagePickerCollectionViewCell.m in Sources */ = {isa = PBXBuildFile; fileRef = 58AD26031C4F5385009AA930 /* FImagePickerCollectionViewCell.m */; };
		58AD26061C4F5385009AA930 /* FImagePickerCollectionViewCell.xib in Resources */ = {isa = PBXBuildFile; fileRef = 58AD26041C4F5385009AA930 /* FImagePickerCollectionViewCell.xib */; };
		58AD26181C4FB2EA009AA930 /* FImagePickerController.m in Sources */ = {isa = PBXBuildFile; fileRef = 58AD26171C4FB2EA009AA930 /* FImagePickerController.m */; };
		58B429091C9FDE6F002FA774 /* FPageFOURViewController.m in Sources */ = {isa = PBXBuildFile; fileRef = 58B429081C9FDE6F002FA774 /* FPageFOURViewController.m */; };
		58B4290E1C9FFC22002FA774 /* FEmailSignUpNAMEViewController.m in Sources */ = {isa = PBXBuildFile; fileRef = 58B4290D1C9FFC22002FA774 /* FEmailSignUpNAMEViewController.m */; };
		58C9F3E91C3A403E00594407 /* main.m in Sources */ = {isa = PBXBuildFile; fileRef = 58C9F3E81C3A403E00594407 /* main.m */; };
		58C9F3EC1C3A403E00594407 /* AppDelegate.m in Sources */ = {isa = PBXBuildFile; fileRef = 58C9F3EB1C3A403E00594407 /* AppDelegate.m */; };
		58C9F3F21C3A403E00594407 /* Main.storyboard in Resources */ = {isa = PBXBuildFile; fileRef = 58C9F3F01C3A403E00594407 /* Main.storyboard */; };
		58C9F3F41C3A403E00594407 /* Assets.xcassets in Resources */ = {isa = PBXBuildFile; fileRef = 58C9F3F31C3A403E00594407 /* Assets.xcassets */; };
		58C9F3F71C3A403E00594407 /* LaunchScreen.storyboard in Resources */ = {isa = PBXBuildFile; fileRef = 58C9F3F51C3A403E00594407 /* LaunchScreen.storyboard */; };
		58ED13331C4CF8E00049F2C2 /* UICollectionView+UICollectionView_Convenience.m in Sources */ = {isa = PBXBuildFile; fileRef = 58ED13301C4CF8E00049F2C2 /* UICollectionView+UICollectionView_Convenience.m */; };
		58ED13341C4CF8E00049F2C2 /* NSIndexSet+NSIndexSet_Convenience.m in Sources */ = {isa = PBXBuildFile; fileRef = 58ED13321C4CF8E00049F2C2 /* NSIndexSet+NSIndexSet_Convenience.m */; };
		58F37CBC1C7C2F3E005DE1CC /* FItem.m in Sources */ = {isa = PBXBuildFile; fileRef = 58F37CB71C7C2F3E005DE1CC /* FItem.m */; };
		58F37CBD1C7C2F3E005DE1CC /* FRestaurants.m in Sources */ = {isa = PBXBuildFile; fileRef = 58F37CB91C7C2F3E005DE1CC /* FRestaurants.m */; };
		58F37CBE1C7C2F3E005DE1CC /* FImages.m in Sources */ = {isa = PBXBuildFile; fileRef = 58F37CBB1C7C2F3E005DE1CC /* FImages.m */; };
		58FD08211C91708600FC25D7 /* FProfileViewController.m in Sources */ = {isa = PBXBuildFile; fileRef = 58FD08201C91708600FC25D7 /* FProfileViewController.m */; };
		58FD08281C91825800FC25D7 /* FProfileTableViewCell.m in Sources */ = {isa = PBXBuildFile; fileRef = 58FD08271C91825800FC25D7 /* FProfileTableViewCell.m */; };
		58FD8A5C1CB4EDB200DE51D2 /* FImagePreviewViewController.m in Sources */ = {isa = PBXBuildFile; fileRef = 58FD8A5A1CB4EDB200DE51D2 /* FImagePreviewViewController.m */; };
		58FD8A5D1CB4EDB200DE51D2 /* FImagePreviewViewController.xib in Resources */ = {isa = PBXBuildFile; fileRef = 58FD8A5B1CB4EDB200DE51D2 /* FImagePreviewViewController.xib */; };
		58FD8A611CB4FD3800DE51D2 /* FImagePreviewCollectionViewCell.m in Sources */ = {isa = PBXBuildFile; fileRef = 58FD8A5F1CB4FD3800DE51D2 /* FImagePreviewCollectionViewCell.m */; };
		58FD8A621CB4FD3800DE51D2 /* FImagePreviewCollectionViewCell.xib in Resources */ = {isa = PBXBuildFile; fileRef = 58FD8A601CB4FD3800DE51D2 /* FImagePreviewCollectionViewCell.xib */; };
		ED56C1DC1C7769260013FA71 /* FSignUpOneViewController.m in Sources */ = {isa = PBXBuildFile; fileRef = ED56C1DB1C7769260013FA71 /* FSignUpOneViewController.m */; };
		EDB9FDEB1C9E711B00616681 /* NSMutableDictionary+FLocation.m in Sources */ = {isa = PBXBuildFile; fileRef = EDB9FDEA1C9E711B00616681 /* NSMutableDictionary+FLocation.m */; };
		EDF8D1D51C82DCDF008C47DB /* FCurrentUser.m in Sources */ = {isa = PBXBuildFile; fileRef = EDF8D1D41C82DCDF008C47DB /* FCurrentUser.m */; };
/* End PBXBuildFile section */

/* Begin PBXFileReference section */
		0AE1ADD613B028C20C0E9482 /* Pods-Foodu.release.xcconfig */ = {isa = PBXFileReference; includeInIndex = 1; lastKnownFileType = text.xcconfig; name = "Pods-Foodu.release.xcconfig"; path = "Pods/Target Support Files/Pods-Foodu/Pods-Foodu.release.xcconfig"; sourceTree = "<group>"; };
		3C3FBC2527F742A7ABA557AF /* Pods-Foodu.debug.xcconfig */ = {isa = PBXFileReference; includeInIndex = 1; lastKnownFileType = text.xcconfig; name = "Pods-Foodu.debug.xcconfig"; path = "Pods/Target Support Files/Pods-Foodu/Pods-Foodu.debug.xcconfig"; sourceTree = "<group>"; };
		580023101C9ADEDA00A7AFB6 /* FPageTHREEViewController.h */ = {isa = PBXFileReference; fileEncoding = 4; lastKnownFileType = sourcecode.c.h; path = FPageTHREEViewController.h; sourceTree = "<group>"; };
		580023111C9ADEDA00A7AFB6 /* FPageTHREEViewController.m */ = {isa = PBXFileReference; fileEncoding = 4; lastKnownFileType = sourcecode.c.objc; path = FPageTHREEViewController.m; sourceTree = "<group>"; };
		5802DD781CAD13B0006D9CD7 /* IMG_0101.mp4 */ = {isa = PBXFileReference; lastKnownFileType = file; path = IMG_0101.mp4; sourceTree = "<group>"; };
		580BF2BF1C98320800F50499 /* FFirstLaunchViewController.h */ = {isa = PBXFileReference; fileEncoding = 4; lastKnownFileType = sourcecode.c.h; path = FFirstLaunchViewController.h; sourceTree = "<group>"; };
		580BF2C01C98320800F50499 /* FFirstLaunchViewController.m */ = {isa = PBXFileReference; fileEncoding = 4; lastKnownFileType = sourcecode.c.objc; path = FFirstLaunchViewController.m; sourceTree = "<group>"; };
		580BF2C21C98323F00F50499 /* FirstLaunch.storyboard */ = {isa = PBXFileReference; fileEncoding = 4; lastKnownFileType = file.storyboard; path = FirstLaunch.storyboard; sourceTree = "<group>"; };
		580BF2C41C9835DC00F50499 /* FPageONEViewController.h */ = {isa = PBXFileReference; fileEncoding = 4; lastKnownFileType = sourcecode.c.h; path = FPageONEViewController.h; sourceTree = "<group>"; };
		580BF2C51C9835DC00F50499 /* FPageONEViewController.m */ = {isa = PBXFileReference; fileEncoding = 4; lastKnownFileType = sourcecode.c.objc; path = FPageONEViewController.m; sourceTree = "<group>"; };
		580C52F21CA1333B0029868F /* FEmailSignUpEMAILViewController.h */ = {isa = PBXFileReference; fileEncoding = 4; lastKnownFileType = sourcecode.c.h; path = FEmailSignUpEMAILViewController.h; sourceTree = "<group>"; };
		580C52F31CA1333B0029868F /* FEmailSignUpEMAILViewController.m */ = {isa = PBXFileReference; fileEncoding = 4; lastKnownFileType = sourcecode.c.objc; path = FEmailSignUpEMAILViewController.m; sourceTree = "<group>"; };
		58114EBF1CABC05700472735 /* FGeoListTableViewCell.h */ = {isa = PBXFileReference; fileEncoding = 4; lastKnownFileType = sourcecode.c.h; path = FGeoListTableViewCell.h; sourceTree = "<group>"; };
		58114EC01CABC05700472735 /* FGeoListTableViewCell.m */ = {isa = PBXFileReference; fileEncoding = 4; lastKnownFileType = sourcecode.c.objc; path = FGeoListTableViewCell.m; sourceTree = "<group>"; };
		58114EC21CABC1F700472735 /* FGeoListTableViewController.h */ = {isa = PBXFileReference; fileEncoding = 4; lastKnownFileType = sourcecode.c.h; path = FGeoListTableViewController.h; sourceTree = "<group>"; };
		58114EC31CABC1F700472735 /* FGeoListTableViewController.m */ = {isa = PBXFileReference; fileEncoding = 4; lastKnownFileType = sourcecode.c.objc; path = FGeoListTableViewController.m; sourceTree = "<group>"; };
		58114EC51CABC70F00472735 /* PFNextTableViewCell.h */ = {isa = PBXFileReference; fileEncoding = 4; lastKnownFileType = sourcecode.c.h; path = PFNextTableViewCell.h; sourceTree = "<group>"; };
		58114EC61CABC70F00472735 /* PFNextTableViewCell.m */ = {isa = PBXFileReference; fileEncoding = 4; lastKnownFileType = sourcecode.c.objc; path = PFNextTableViewCell.m; sourceTree = "<group>"; };
		581152D51C87191600B592B6 /* Reachability.h */ = {isa = PBXFileReference; fileEncoding = 4; lastKnownFileType = sourcecode.c.h; path = Reachability.h; sourceTree = "<group>"; };
		581152D61C87191600B592B6 /* Reachability.m */ = {isa = PBXFileReference; fileEncoding = 4; lastKnownFileType = sourcecode.c.objc; path = Reachability.m; sourceTree = "<group>"; };
		5812BB9A1C9BF13E00C22FDE /* FLocationPickerViewController.h */ = {isa = PBXFileReference; fileEncoding = 4; lastKnownFileType = sourcecode.c.h; path = FLocationPickerViewController.h; sourceTree = "<group>"; };
		5812BB9B1C9BF13E00C22FDE /* FLocationPickerViewController.m */ = {isa = PBXFileReference; fileEncoding = 4; lastKnownFileType = sourcecode.c.objc; path = FLocationPickerViewController.m; sourceTree = "<group>"; };
		5812BB9C1C9BF13E00C22FDE /* FLocationPickerViewController.xib */ = {isa = PBXFileReference; fileEncoding = 4; lastKnownFileType = file.xib; path = FLocationPickerViewController.xib; sourceTree = "<group>"; };
		5812C4AB1C8976C00055A54B /* FAlertView.h */ = {isa = PBXFileReference; fileEncoding = 4; lastKnownFileType = sourcecode.c.h; path = FAlertView.h; sourceTree = "<group>"; };
		5812C4AC1C8976C00055A54B /* FAlertView.m */ = {isa = PBXFileReference; fileEncoding = 4; lastKnownFileType = sourcecode.c.objc; path = FAlertView.m; sourceTree = "<group>"; };
		581389771CB380A3007EF325 /* AAPLCameraViewController.h */ = {isa = PBXFileReference; fileEncoding = 4; lastKnownFileType = sourcecode.c.h; path = AAPLCameraViewController.h; sourceTree = "<group>"; };
		581389781CB380A3007EF325 /* AAPLCameraViewController.m */ = {isa = PBXFileReference; fileEncoding = 4; lastKnownFileType = sourcecode.c.objc; path = AAPLCameraViewController.m; sourceTree = "<group>"; };
		581389791CB380A3007EF325 /* AAPLPreviewView.h */ = {isa = PBXFileReference; fileEncoding = 4; lastKnownFileType = sourcecode.c.h; path = AAPLPreviewView.h; sourceTree = "<group>"; };
		5813897A1CB380A3007EF325 /* AAPLPreviewView.m */ = {isa = PBXFileReference; fileEncoding = 4; lastKnownFileType = sourcecode.c.objc; path = AAPLPreviewView.m; sourceTree = "<group>"; };
		5813897F1CB381DF007EF325 /* AAPLCameraViewController.xib */ = {isa = PBXFileReference; fileEncoding = 4; lastKnownFileType = file.xib; path = AAPLCameraViewController.xib; sourceTree = "<group>"; };
		581389881CB3B7A5007EF325 /* NSIndexSet+Convenience.h */ = {isa = PBXFileReference; fileEncoding = 4; lastKnownFileType = sourcecode.c.h; path = "NSIndexSet+Convenience.h"; sourceTree = "<group>"; };
		581389891CB3B7A5007EF325 /* NSIndexSet+Convenience.m */ = {isa = PBXFileReference; fileEncoding = 4; lastKnownFileType = sourcecode.c.objc; path = "NSIndexSet+Convenience.m"; sourceTree = "<group>"; };
		5813898A1CB3B7A5007EF325 /* UICollectionView+Convenience.h */ = {isa = PBXFileReference; fileEncoding = 4; lastKnownFileType = sourcecode.c.h; path = "UICollectionView+Convenience.h"; sourceTree = "<group>"; };
		5813898B1CB3B7A5007EF325 /* UICollectionView+Convenience.m */ = {isa = PBXFileReference; fileEncoding = 4; lastKnownFileType = sourcecode.c.objc; path = "UICollectionView+Convenience.m"; sourceTree = "<group>"; };
		581389911CB3C433007EF325 /* AAPLGridViewCell2.h */ = {isa = PBXFileReference; fileEncoding = 4; lastKnownFileType = sourcecode.c.h; path = AAPLGridViewCell2.h; sourceTree = "<group>"; };
		581389921CB3C433007EF325 /* AAPLGridViewCell2.m */ = {isa = PBXFileReference; fileEncoding = 4; lastKnownFileType = sourcecode.c.objc; path = AAPLGridViewCell2.m; sourceTree = "<group>"; };
		581389931CB3C433007EF325 /* AAPLGridViewCell2.xib */ = {isa = PBXFileReference; fileEncoding = 4; lastKnownFileType = file.xib; path = AAPLGridViewCell2.xib; sourceTree = "<group>"; };
		581389961CB3CD5D007EF325 /* FGalleryViewControllers.h */ = {isa = PBXFileReference; fileEncoding = 4; lastKnownFileType = sourcecode.c.h; path = FGalleryViewControllers.h; sourceTree = "<group>"; };
		581389971CB3CD5D007EF325 /* FGalleryViewControllers.m */ = {isa = PBXFileReference; fileEncoding = 4; lastKnownFileType = sourcecode.c.objc; path = FGalleryViewControllers.m; sourceTree = "<group>"; };
		581389981CB3CD5D007EF325 /* FGalleryViewControllers.xib */ = {isa = PBXFileReference; fileEncoding = 4; lastKnownFileType = file.xib; path = FGalleryViewControllers.xib; sourceTree = "<group>"; };
		582006CF1C3E421C00BD0FCD /* FTabBarController.h */ = {isa = PBXFileReference; fileEncoding = 4; lastKnownFileType = sourcecode.c.h; path = FTabBarController.h; sourceTree = "<group>"; };
		582006D01C3E421C00BD0FCD /* FTabBarController.m */ = {isa = PBXFileReference; fileEncoding = 4; lastKnownFileType = sourcecode.c.objc; path = FTabBarController.m; sourceTree = "<group>"; };
		582F20C61CB5128C004976FE /* FEffectCollectionViewCell.h */ = {isa = PBXFileReference; fileEncoding = 4; lastKnownFileType = sourcecode.c.h; path = FEffectCollectionViewCell.h; sourceTree = "<group>"; };
		582F20C71CB5128C004976FE /* FEffectCollectionViewCell.m */ = {isa = PBXFileReference; fileEncoding = 4; lastKnownFileType = sourcecode.c.objc; path = FEffectCollectionViewCell.m; sourceTree = "<group>"; };
		582F20C81CB5128C004976FE /* FEffectCollectionViewCell.xib */ = {isa = PBXFileReference; fileEncoding = 4; lastKnownFileType = file.xib; path = FEffectCollectionViewCell.xib; sourceTree = "<group>"; };
		5845C2C01CA91B370060E830 /* FEmailSignUpPASSWORDViewController.h */ = {isa = PBXFileReference; fileEncoding = 4; lastKnownFileType = sourcecode.c.h; path = FEmailSignUpPASSWORDViewController.h; sourceTree = "<group>"; };
		5845C2C11CA91B370060E830 /* FEmailSignUpPASSWORDViewController.m */ = {isa = PBXFileReference; fileEncoding = 4; lastKnownFileType = sourcecode.c.objc; path = FEmailSignUpPASSWORDViewController.m; sourceTree = "<group>"; };
		58504A591C96B6A000A7E406 /* IMG_0046.PNG */ = {isa = PBXFileReference; lastKnownFileType = image.png; path = IMG_0046.PNG; sourceTree = "<group>"; };
		5861BD271C3CF18300AE6B96 /* TPFloatRatingView.h */ = {isa = PBXFileReference; fileEncoding = 4; lastKnownFileType = sourcecode.c.h; path = TPFloatRatingView.h; sourceTree = "<group>"; };
		5861BD281C3CF18300AE6B96 /* TPFloatRatingView.m */ = {isa = PBXFileReference; fileEncoding = 4; lastKnownFileType = sourcecode.c.objc; path = TPFloatRatingView.m; sourceTree = "<group>"; };
		58846B621C3E9230006CFBFB /* UIColor+FColours.h */ = {isa = PBXFileReference; fileEncoding = 4; lastKnownFileType = sourcecode.c.h; path = "UIColor+FColours.h"; sourceTree = "<group>"; };
		58846B631C3E9230006CFBFB /* UIColor+FColours.m */ = {isa = PBXFileReference; fileEncoding = 4; lastKnownFileType = sourcecode.c.objc; path = "UIColor+FColours.m"; sourceTree = "<group>"; };
		58A8A7261C99317900D62E24 /* FPageTWOViewController.h */ = {isa = PBXFileReference; fileEncoding = 4; lastKnownFileType = sourcecode.c.h; path = FPageTWOViewController.h; sourceTree = "<group>"; };
		58A8A7271C99317900D62E24 /* FPageTWOViewController.m */ = {isa = PBXFileReference; fileEncoding = 4; lastKnownFileType = sourcecode.c.objc; path = FPageTWOViewController.m; sourceTree = "<group>"; };
		58A8A7291C994E1C00D62E24 /* FPageOne.h */ = {isa = PBXFileReference; fileEncoding = 4; lastKnownFileType = sourcecode.c.h; path = FPageOne.h; sourceTree = "<group>"; };
		58A8A72A1C994E1C00D62E24 /* FPageOne.m */ = {isa = PBXFileReference; fileEncoding = 4; lastKnownFileType = sourcecode.c.objc; path = FPageOne.m; sourceTree = "<group>"; };
		58A8A72C1C994E2D00D62E24 /* FPageTwo.h */ = {isa = PBXFileReference; fileEncoding = 4; lastKnownFileType = sourcecode.c.h; path = FPageTwo.h; sourceTree = "<group>"; };
		58A8A72D1C994E2D00D62E24 /* FPageTwo.m */ = {isa = PBXFileReference; fileEncoding = 4; lastKnownFileType = sourcecode.c.objc; path = FPageTwo.m; sourceTree = "<group>"; };
		58A8A72F1C994E3D00D62E24 /* FPageThree.h */ = {isa = PBXFileReference; fileEncoding = 4; lastKnownFileType = sourcecode.c.h; path = FPageThree.h; sourceTree = "<group>"; };
		58A8A7301C994E3D00D62E24 /* FPageThree.m */ = {isa = PBXFileReference; fileEncoding = 4; lastKnownFileType = sourcecode.c.objc; path = FPageThree.m; sourceTree = "<group>"; };
		58A8A7351C99582500D62E24 /* FPageFour.h */ = {isa = PBXFileReference; fileEncoding = 4; lastKnownFileType = sourcecode.c.h; path = FPageFour.h; sourceTree = "<group>"; };
		58A8A7361C99582500D62E24 /* FPageFour.m */ = {isa = PBXFileReference; fileEncoding = 4; lastKnownFileType = sourcecode.c.objc; path = FPageFour.m; sourceTree = "<group>"; };
		58AD26021C4F5385009AA930 /* FImagePickerCollectionViewCell.h */ = {isa = PBXFileReference; fileEncoding = 4; lastKnownFileType = sourcecode.c.h; path = FImagePickerCollectionViewCell.h; sourceTree = "<group>"; };
		58AD26031C4F5385009AA930 /* FImagePickerCollectionViewCell.m */ = {isa = PBXFileReference; fileEncoding = 4; lastKnownFileType = sourcecode.c.objc; path = FImagePickerCollectionViewCell.m; sourceTree = "<group>"; };
		58AD26041C4F5385009AA930 /* FImagePickerCollectionViewCell.xib */ = {isa = PBXFileReference; fileEncoding = 4; lastKnownFileType = file.xib; path = FImagePickerCollectionViewCell.xib; sourceTree = "<group>"; };
		58AD26161C4FB2EA009AA930 /* FImagePickerController.h */ = {isa = PBXFileReference; fileEncoding = 4; lastKnownFileType = sourcecode.c.h; path = FImagePickerController.h; sourceTree = "<group>"; };
		58AD26171C4FB2EA009AA930 /* FImagePickerController.m */ = {isa = PBXFileReference; fileEncoding = 4; lastKnownFileType = sourcecode.c.objc; path = FImagePickerController.m; sourceTree = "<group>"; };
		58B429071C9FDE6F002FA774 /* FPageFOURViewController.h */ = {isa = PBXFileReference; fileEncoding = 4; lastKnownFileType = sourcecode.c.h; path = FPageFOURViewController.h; sourceTree = "<group>"; };
		58B429081C9FDE6F002FA774 /* FPageFOURViewController.m */ = {isa = PBXFileReference; fileEncoding = 4; lastKnownFileType = sourcecode.c.objc; path = FPageFOURViewController.m; sourceTree = "<group>"; };
		58B4290C1C9FFC22002FA774 /* FEmailSignUpNAMEViewController.h */ = {isa = PBXFileReference; fileEncoding = 4; lastKnownFileType = sourcecode.c.h; path = FEmailSignUpNAMEViewController.h; sourceTree = "<group>"; };
		58B4290D1C9FFC22002FA774 /* FEmailSignUpNAMEViewController.m */ = {isa = PBXFileReference; fileEncoding = 4; lastKnownFileType = sourcecode.c.objc; path = FEmailSignUpNAMEViewController.m; sourceTree = "<group>"; };
		58C9F3E41C3A403E00594407 /* Foodu.app */ = {isa = PBXFileReference; explicitFileType = wrapper.application; includeInIndex = 0; path = Foodu.app; sourceTree = BUILT_PRODUCTS_DIR; };
		58C9F3E81C3A403E00594407 /* main.m */ = {isa = PBXFileReference; lastKnownFileType = sourcecode.c.objc; path = main.m; sourceTree = "<group>"; };
		58C9F3EA1C3A403E00594407 /* AppDelegate.h */ = {isa = PBXFileReference; lastKnownFileType = sourcecode.c.h; path = AppDelegate.h; sourceTree = "<group>"; };
		58C9F3EB1C3A403E00594407 /* AppDelegate.m */ = {isa = PBXFileReference; lastKnownFileType = sourcecode.c.objc; path = AppDelegate.m; sourceTree = "<group>"; };
		58C9F3F11C3A403E00594407 /* Base */ = {isa = PBXFileReference; lastKnownFileType = file.storyboard; name = Base; path = Base.lproj/Main.storyboard; sourceTree = "<group>"; };
		58C9F3F31C3A403E00594407 /* Assets.xcassets */ = {isa = PBXFileReference; lastKnownFileType = folder.assetcatalog; path = Assets.xcassets; sourceTree = "<group>"; };
		58C9F3F61C3A403E00594407 /* Base */ = {isa = PBXFileReference; lastKnownFileType = file.storyboard; name = Base; path = Base.lproj/LaunchScreen.storyboard; sourceTree = "<group>"; };
		58C9F3F81C3A403E00594407 /* Info.plist */ = {isa = PBXFileReference; lastKnownFileType = text.plist.xml; path = Info.plist; sourceTree = "<group>"; };
		58C9F4131C3A67A100594407 /* PrefixHeader.pch */ = {isa = PBXFileReference; lastKnownFileType = sourcecode.c.h; path = PrefixHeader.pch; sourceTree = "<group>"; };
		58ED132F1C4CF8E00049F2C2 /* UICollectionView+UICollectionView_Convenience.h */ = {isa = PBXFileReference; fileEncoding = 4; lastKnownFileType = sourcecode.c.h; path = "UICollectionView+UICollectionView_Convenience.h"; sourceTree = "<group>"; };
		58ED13301C4CF8E00049F2C2 /* UICollectionView+UICollectionView_Convenience.m */ = {isa = PBXFileReference; fileEncoding = 4; lastKnownFileType = sourcecode.c.objc; path = "UICollectionView+UICollectionView_Convenience.m"; sourceTree = "<group>"; };
		58ED13311C4CF8E00049F2C2 /* NSIndexSet+NSIndexSet_Convenience.h */ = {isa = PBXFileReference; fileEncoding = 4; lastKnownFileType = sourcecode.c.h; path = "NSIndexSet+NSIndexSet_Convenience.h"; sourceTree = "<group>"; };
		58ED13321C4CF8E00049F2C2 /* NSIndexSet+NSIndexSet_Convenience.m */ = {isa = PBXFileReference; fileEncoding = 4; lastKnownFileType = sourcecode.c.objc; path = "NSIndexSet+NSIndexSet_Convenience.m"; sourceTree = "<group>"; };
		58F37CB61C7C2F3E005DE1CC /* FItem.h */ = {isa = PBXFileReference; fileEncoding = 4; lastKnownFileType = sourcecode.c.h; path = FItem.h; sourceTree = "<group>"; };
		58F37CB71C7C2F3E005DE1CC /* FItem.m */ = {isa = PBXFileReference; fileEncoding = 4; lastKnownFileType = sourcecode.c.objc; path = FItem.m; sourceTree = "<group>"; };
		58F37CB81C7C2F3E005DE1CC /* FRestaurants.h */ = {isa = PBXFileReference; fileEncoding = 4; lastKnownFileType = sourcecode.c.h; path = FRestaurants.h; sourceTree = "<group>"; };
		58F37CB91C7C2F3E005DE1CC /* FRestaurants.m */ = {isa = PBXFileReference; fileEncoding = 4; lastKnownFileType = sourcecode.c.objc; path = FRestaurants.m; sourceTree = "<group>"; };
		58F37CBA1C7C2F3E005DE1CC /* FImages.h */ = {isa = PBXFileReference; fileEncoding = 4; lastKnownFileType = sourcecode.c.h; path = FImages.h; sourceTree = "<group>"; };
		58F37CBB1C7C2F3E005DE1CC /* FImages.m */ = {isa = PBXFileReference; fileEncoding = 4; lastKnownFileType = sourcecode.c.objc; path = FImages.m; sourceTree = "<group>"; };
		58FD081F1C91708600FC25D7 /* FProfileViewController.h */ = {isa = PBXFileReference; fileEncoding = 4; lastKnownFileType = sourcecode.c.h; path = FProfileViewController.h; sourceTree = "<group>"; };
		58FD08201C91708600FC25D7 /* FProfileViewController.m */ = {isa = PBXFileReference; fileEncoding = 4; lastKnownFileType = sourcecode.c.objc; path = FProfileViewController.m; sourceTree = "<group>"; };
		58FD08261C91825800FC25D7 /* FProfileTableViewCell.h */ = {isa = PBXFileReference; fileEncoding = 4; lastKnownFileType = sourcecode.c.h; path = FProfileTableViewCell.h; sourceTree = "<group>"; };
		58FD08271C91825800FC25D7 /* FProfileTableViewCell.m */ = {isa = PBXFileReference; fileEncoding = 4; lastKnownFileType = sourcecode.c.objc; path = FProfileTableViewCell.m; sourceTree = "<group>"; };
		58FD8A591CB4EDB200DE51D2 /* FImagePreviewViewController.h */ = {isa = PBXFileReference; fileEncoding = 4; lastKnownFileType = sourcecode.c.h; path = FImagePreviewViewController.h; sourceTree = "<group>"; };
		58FD8A5A1CB4EDB200DE51D2 /* FImagePreviewViewController.m */ = {isa = PBXFileReference; fileEncoding = 4; lastKnownFileType = sourcecode.c.objc; path = FImagePreviewViewController.m; sourceTree = "<group>"; };
		58FD8A5B1CB4EDB200DE51D2 /* FImagePreviewViewController.xib */ = {isa = PBXFileReference; fileEncoding = 4; lastKnownFileType = file.xib; path = FImagePreviewViewController.xib; sourceTree = "<group>"; };
		58FD8A5E1CB4FD3800DE51D2 /* FImagePreviewCollectionViewCell.h */ = {isa = PBXFileReference; fileEncoding = 4; lastKnownFileType = sourcecode.c.h; path = FImagePreviewCollectionViewCell.h; sourceTree = "<group>"; };
		58FD8A5F1CB4FD3800DE51D2 /* FImagePreviewCollectionViewCell.m */ = {isa = PBXFileReference; fileEncoding = 4; lastKnownFileType = sourcecode.c.objc; path = FImagePreviewCollectionViewCell.m; sourceTree = "<group>"; };
		58FD8A601CB4FD3800DE51D2 /* FImagePreviewCollectionViewCell.xib */ = {isa = PBXFileReference; fileEncoding = 4; lastKnownFileType = file.xib; path = FImagePreviewCollectionViewCell.xib; sourceTree = "<group>"; };
		CCFAF6497C80E73F5B2BFCC8 /* libPods-Foodu.a */ = {isa = PBXFileReference; explicitFileType = archive.ar; includeInIndex = 0; path = "libPods-Foodu.a"; sourceTree = BUILT_PRODUCTS_DIR; };
		ED56C1DA1C7769260013FA71 /* FSignUpOneViewController.h */ = {isa = PBXFileReference; fileEncoding = 4; lastKnownFileType = sourcecode.c.h; path = FSignUpOneViewController.h; sourceTree = "<group>"; };
		ED56C1DB1C7769260013FA71 /* FSignUpOneViewController.m */ = {isa = PBXFileReference; fileEncoding = 4; lastKnownFileType = sourcecode.c.objc; path = FSignUpOneViewController.m; sourceTree = "<group>"; };
		EDB9FDE91C9E711B00616681 /* NSMutableDictionary+FLocation.h */ = {isa = PBXFileReference; fileEncoding = 4; lastKnownFileType = sourcecode.c.h; path = "NSMutableDictionary+FLocation.h"; sourceTree = "<group>"; };
		EDB9FDEA1C9E711B00616681 /* NSMutableDictionary+FLocation.m */ = {isa = PBXFileReference; fileEncoding = 4; lastKnownFileType = sourcecode.c.objc; path = "NSMutableDictionary+FLocation.m"; sourceTree = "<group>"; };
		EDF8D1D31C82DCDF008C47DB /* FCurrentUser.h */ = {isa = PBXFileReference; fileEncoding = 4; lastKnownFileType = sourcecode.c.h; path = FCurrentUser.h; sourceTree = "<group>"; };
		EDF8D1D41C82DCDF008C47DB /* FCurrentUser.m */ = {isa = PBXFileReference; fileEncoding = 4; lastKnownFileType = sourcecode.c.objc; path = FCurrentUser.m; sourceTree = "<group>"; };
/* End PBXFileReference section */

/* Begin PBXFrameworksBuildPhase section */
		58C9F3E11C3A403E00594407 /* Frameworks */ = {
			isa = PBXFrameworksBuildPhase;
			buildActionMask = 2147483647;
			files = (
				144BC0EE56B49D5FB5315F92 /* libPods-Foodu.a in Frameworks */,
			);
			runOnlyForDeploymentPostprocessing = 0;
		};
/* End PBXFrameworksBuildPhase section */

/* Begin PBXGroup section */
		3988D154CF887249E48BBE88 /* Pods */ = {
			isa = PBXGroup;
			children = (
				3C3FBC2527F742A7ABA557AF /* Pods-Foodu.debug.xcconfig */,
				0AE1ADD613B028C20C0E9482 /* Pods-Foodu.release.xcconfig */,
			);
			name = Pods;
			sourceTree = "<group>";
		};
		5802DD7A1CAD2099006D9CD7 /* Add Fuud */ = {
			isa = PBXGroup;
			children = (
				581389861CB3B781007EF325 /* Camera */,
				581389871CB3B786007EF325 /* Gallery */,
				58FD8A581CB4ED5A00DE51D2 /* Image Priview */,
			);
			name = "Add Fuud";
			sourceTree = "<group>";
		};
		58114EBA1CABBFA400472735 /* GeoList */ = {
			isa = PBXGroup;
			children = (
				58114EC21CABC1F700472735 /* FGeoListTableViewController.h */,
				58114EC31CABC1F700472735 /* FGeoListTableViewController.m */,
				58114EBE1CABC03400472735 /* TableViewCell */,
			);
			name = GeoList;
			sourceTree = "<group>";
		};
		58114EBE1CABC03400472735 /* TableViewCell */ = {
			isa = PBXGroup;
			children = (
				58114EBF1CABC05700472735 /* FGeoListTableViewCell.h */,
				58114EC01CABC05700472735 /* FGeoListTableViewCell.m */,
				58114EC51CABC70F00472735 /* PFNextTableViewCell.h */,
				58114EC61CABC70F00472735 /* PFNextTableViewCell.m */,
			);
			name = TableViewCell;
			sourceTree = "<group>";
		};
		581152D41C87190300B592B6 /* Reachability */ = {
			isa = PBXGroup;
			children = (
				581152D51C87191600B592B6 /* Reachability.h */,
				581152D61C87191600B592B6 /* Reachability.m */,
			);
			name = Reachability;
			sourceTree = "<group>";
		};
		5812BB991C9BF11800C22FDE /* LocationPicker */ = {
			isa = PBXGroup;
			children = (
				5812BB9A1C9BF13E00C22FDE /* FLocationPickerViewController.h */,
				5812BB9B1C9BF13E00C22FDE /* FLocationPickerViewController.m */,
				5812BB9C1C9BF13E00C22FDE /* FLocationPickerViewController.xib */,
			);
			name = LocationPicker;
			sourceTree = "<group>";
		};
		581389861CB3B781007EF325 /* Camera */ = {
			isa = PBXGroup;
			children = (
				581389771CB380A3007EF325 /* AAPLCameraViewController.h */,
				581389781CB380A3007EF325 /* AAPLCameraViewController.m */,
				5813897F1CB381DF007EF325 /* AAPLCameraViewController.xib */,
				581389791CB380A3007EF325 /* AAPLPreviewView.h */,
				5813897A1CB380A3007EF325 /* AAPLPreviewView.m */,
			);
			name = Camera;
			sourceTree = "<group>";
		};
		581389871CB3B786007EF325 /* Gallery */ = {
			isa = PBXGroup;
			children = (
				581389961CB3CD5D007EF325 /* FGalleryViewControllers.h */,
				581389971CB3CD5D007EF325 /* FGalleryViewControllers.m */,
				581389981CB3CD5D007EF325 /* FGalleryViewControllers.xib */,
				581389881CB3B7A5007EF325 /* NSIndexSet+Convenience.h */,
				581389891CB3B7A5007EF325 /* NSIndexSet+Convenience.m */,
				5813898A1CB3B7A5007EF325 /* UICollectionView+Convenience.h */,
				5813898B1CB3B7A5007EF325 /* UICollectionView+Convenience.m */,
				581389911CB3C433007EF325 /* AAPLGridViewCell2.h */,
				581389921CB3C433007EF325 /* AAPLGridViewCell2.m */,
				581389931CB3C433007EF325 /* AAPLGridViewCell2.xib */,
			);
			name = Gallery;
			sourceTree = "<group>";
		};
		582006CE1C3E280D00BD0FCD /* Tab Bar Controller */ = {
			isa = PBXGroup;
			children = (
				5802DD7A1CAD2099006D9CD7 /* Add Fuud */,
				58114EBA1CABBFA400472735 /* GeoList */,
				58FD081B1C9151C500FC25D7 /* Profile */,
				582006CF1C3E421C00BD0FCD /* FTabBarController.h */,
				582006D01C3E421C00BD0FCD /* FTabBarController.m */,
			);
			name = "Tab Bar Controller";
			sourceTree = "<group>";
		};
		5823BFB41C589E5D00DEBD18 /* ImagePicker */ = {
			isa = PBXGroup;
			children = (
				58AD26161C4FB2EA009AA930 /* FImagePickerController.h */,
				58AD26171C4FB2EA009AA930 /* FImagePickerController.m */,
				58ED132F1C4CF8E00049F2C2 /* UICollectionView+UICollectionView_Convenience.h */,
				58ED13301C4CF8E00049F2C2 /* UICollectionView+UICollectionView_Convenience.m */,
				58ED13311C4CF8E00049F2C2 /* NSIndexSet+NSIndexSet_Convenience.h */,
				58ED13321C4CF8E00049F2C2 /* NSIndexSet+NSIndexSet_Convenience.m */,
			);
			name = ImagePicker;
			sourceTree = "<group>";
		};
		5823BFB51C589E7400DEBD18 /* Rating */ = {
			isa = PBXGroup;
			children = (
				5861BD271C3CF18300AE6B96 /* TPFloatRatingView.h */,
				5861BD281C3CF18300AE6B96 /* TPFloatRatingView.m */,
			);
			name = Rating;
			sourceTree = "<group>";
		};
		5823BFB61C589E9300DEBD18 /* Colors */ = {
			isa = PBXGroup;
			children = (
				58846B621C3E9230006CFBFB /* UIColor+FColours.h */,
				58846B631C3E9230006CFBFB /* UIColor+FColours.m */,
			);
			name = Colors;
			sourceTree = "<group>";
		};
		5861BD261C3CF0C200AE6B96 /* Customs */ = {
			isa = PBXGroup;
			children = (
				58B429021C9FD59B002FA774 /* Alert View */,
				5812BB991C9BF11800C22FDE /* LocationPicker */,
				581152D41C87190300B592B6 /* Reachability */,
				5823BFB61C589E9300DEBD18 /* Colors */,
				5823BFB51C589E7400DEBD18 /* Rating */,
				5823BFB41C589E5D00DEBD18 /* ImagePicker */,
			);
			name = Customs;
			sourceTree = "<group>";
		};
		58B429021C9FD59B002FA774 /* Alert View */ = {
			isa = PBXGroup;
			children = (
				5812C4AB1C8976C00055A54B /* FAlertView.h */,
				5812C4AC1C8976C00055A54B /* FAlertView.m */,
			);
			name = "Alert View";
			sourceTree = "<group>";
		};
		58B429031C9FD682002FA774 /* SignIn and SignOut */ = {
			isa = PBXGroup;
			children = (
				58504A591C96B6A000A7E406 /* IMG_0046.PNG */,
				ED56C1DA1C7769260013FA71 /* FSignUpOneViewController.h */,
				ED56C1DB1C7769260013FA71 /* FSignUpOneViewController.m */,
			);
			name = "SignIn and SignOut";
			sourceTree = "<group>";
		};
		58B429041C9FD6B7002FA774 /* PageTWO Subs */ = {
			isa = PBXGroup;
			children = (
				58A8A7291C994E1C00D62E24 /* FPageOne.h */,
				58A8A72A1C994E1C00D62E24 /* FPageOne.m */,
				58A8A72C1C994E2D00D62E24 /* FPageTwo.h */,
				58A8A72D1C994E2D00D62E24 /* FPageTwo.m */,
				58A8A72F1C994E3D00D62E24 /* FPageThree.h */,
				58A8A7301C994E3D00D62E24 /* FPageThree.m */,
				58A8A7351C99582500D62E24 /* FPageFour.h */,
				58A8A7361C99582500D62E24 /* FPageFour.m */,
			);
			name = "PageTWO Subs";
			sourceTree = "<group>";
		};
		58B429051C9FDDC7002FA774 /* Inner */ = {
			isa = PBXGroup;
			children = (
				582006CE1C3E280D00BD0FCD /* Tab Bar Controller */,
			);
			name = Inner;
			sourceTree = "<group>";
		};
		58B429061C9FDDCE002FA774 /* Outer */ = {
			isa = PBXGroup;
			children = (
				58B429031C9FD682002FA774 /* SignIn and SignOut */,
				ED58884B1C410AE300922C9A /* First Launch */,
			);
			name = Outer;
			sourceTree = "<group>";
		};
		58C9F3DB1C3A403E00594407 = {
			isa = PBXGroup;
			children = (
				58C9F3E61C3A403E00594407 /* Foodu */,
				58C9F3E51C3A403E00594407 /* Products */,
				3988D154CF887249E48BBE88 /* Pods */,
				CC5A19B8C644861B42B73FD7 /* Frameworks */,
			);
			sourceTree = "<group>";
		};
		58C9F3E51C3A403E00594407 /* Products */ = {
			isa = PBXGroup;
			children = (
				58C9F3E41C3A403E00594407 /* Foodu.app */,
			);
			name = Products;
			sourceTree = "<group>";
		};
		58C9F3E61C3A403E00594407 /* Foodu */ = {
			isa = PBXGroup;
			children = (
				5861BD261C3CF0C200AE6B96 /* Customs */,
				58C9F40C1C3A5F3200594407 /* Models */,
				58C9F4021C3A41CD00594407 /* Cells */,
				58C9F3FE1C3A40B400594407 /* ViewControllers */,
				58C9F3EA1C3A403E00594407 /* AppDelegate.h */,
				58C9F3EB1C3A403E00594407 /* AppDelegate.m */,
				5802DD781CAD13B0006D9CD7 /* IMG_0101.mp4 */,
				580BF2C21C98323F00F50499 /* FirstLaunch.storyboard */,
				58C9F3F01C3A403E00594407 /* Main.storyboard */,
				58C9F3F31C3A403E00594407 /* Assets.xcassets */,
				58C9F3F51C3A403E00594407 /* LaunchScreen.storyboard */,
				58C9F3F81C3A403E00594407 /* Info.plist */,
				58C9F3E71C3A403E00594407 /* Supporting Files */,
			);
			path = Foodu;
			sourceTree = "<group>";
		};
		58C9F3E71C3A403E00594407 /* Supporting Files */ = {
			isa = PBXGroup;
			children = (
				58C9F3E81C3A403E00594407 /* main.m */,
				58C9F4131C3A67A100594407 /* PrefixHeader.pch */,
			);
			name = "Supporting Files";
			sourceTree = "<group>";
		};
		58C9F3FE1C3A40B400594407 /* ViewControllers */ = {
			isa = PBXGroup;
			children = (
				58B429061C9FDDCE002FA774 /* Outer */,
				58B429051C9FDDC7002FA774 /* Inner */,
			);
			name = ViewControllers;
			sourceTree = "<group>";
		};
		58C9F4021C3A41CD00594407 /* Cells */ = {
			isa = PBXGroup;
			children = (
				58AD26021C4F5385009AA930 /* FImagePickerCollectionViewCell.h */,
				58AD26031C4F5385009AA930 /* FImagePickerCollectionViewCell.m */,
				58AD26041C4F5385009AA930 /* FImagePickerCollectionViewCell.xib */,
			);
			name = Cells;
			sourceTree = "<group>";
		};
		58C9F40C1C3A5F3200594407 /* Models */ = {
			isa = PBXGroup;
			children = (
				58F37CB51C7C2F2E005DE1CC /* Parse Objects */,
			);
			name = Models;
			sourceTree = "<group>";
		};
		58F37CB51C7C2F2E005DE1CC /* Parse Objects */ = {
			isa = PBXGroup;
			children = (
				EDF8D1D31C82DCDF008C47DB /* FCurrentUser.h */,
				EDF8D1D41C82DCDF008C47DB /* FCurrentUser.m */,
				58F37CB61C7C2F3E005DE1CC /* FItem.h */,
				58F37CB71C7C2F3E005DE1CC /* FItem.m */,
				58F37CB81C7C2F3E005DE1CC /* FRestaurants.h */,
				58F37CB91C7C2F3E005DE1CC /* FRestaurants.m */,
				58F37CBA1C7C2F3E005DE1CC /* FImages.h */,
				58F37CBB1C7C2F3E005DE1CC /* FImages.m */,
				EDB9FDE91C9E711B00616681 /* NSMutableDictionary+FLocation.h */,
				EDB9FDEA1C9E711B00616681 /* NSMutableDictionary+FLocation.m */,
			);
			name = "Parse Objects";
			sourceTree = "<group>";
		};
		58FD081B1C9151C500FC25D7 /* Profile */ = {
			isa = PBXGroup;
			children = (
				58FD081F1C91708600FC25D7 /* FProfileViewController.h */,
				58FD08201C91708600FC25D7 /* FProfileViewController.m */,
				58FD08261C91825800FC25D7 /* FProfileTableViewCell.h */,
				58FD08271C91825800FC25D7 /* FProfileTableViewCell.m */,
			);
			name = Profile;
			sourceTree = "<group>";
		};
		58FD8A581CB4ED5A00DE51D2 /* Image Priview */ = {
			isa = PBXGroup;
			children = (
				58FD8A591CB4EDB200DE51D2 /* FImagePreviewViewController.h */,
				58FD8A5A1CB4EDB200DE51D2 /* FImagePreviewViewController.m */,
				58FD8A5B1CB4EDB200DE51D2 /* FImagePreviewViewController.xib */,
				58FD8A5E1CB4FD3800DE51D2 /* FImagePreviewCollectionViewCell.h */,
				58FD8A5F1CB4FD3800DE51D2 /* FImagePreviewCollectionViewCell.m */,
				58FD8A601CB4FD3800DE51D2 /* FImagePreviewCollectionViewCell.xib */,
				582F20C61CB5128C004976FE /* FEffectCollectionViewCell.h */,
				582F20C71CB5128C004976FE /* FEffectCollectionViewCell.m */,
				582F20C81CB5128C004976FE /* FEffectCollectionViewCell.xib */,
			);
			name = "Image Priview";
			sourceTree = "<group>";
		};
		CC5A19B8C644861B42B73FD7 /* Frameworks */ = {
			isa = PBXGroup;
			children = (
				CCFAF6497C80E73F5B2BFCC8 /* libPods-Foodu.a */,
			);
			name = Frameworks;
			sourceTree = "<group>";
		};
		ED58884B1C410AE300922C9A /* First Launch */ = {
			isa = PBXGroup;
			children = (
				580BF2BF1C98320800F50499 /* FFirstLaunchViewController.h */,
				580BF2C01C98320800F50499 /* FFirstLaunchViewController.m */,
				580BF2C41C9835DC00F50499 /* FPageONEViewController.h */,
				580BF2C51C9835DC00F50499 /* FPageONEViewController.m */,
				58A8A7261C99317900D62E24 /* FPageTWOViewController.h */,
				58A8A7271C99317900D62E24 /* FPageTWOViewController.m */,
				58B429041C9FD6B7002FA774 /* PageTWO Subs */,
				580023101C9ADEDA00A7AFB6 /* FPageTHREEViewController.h */,
				580023111C9ADEDA00A7AFB6 /* FPageTHREEViewController.m */,
				58B429071C9FDE6F002FA774 /* FPageFOURViewController.h */,
				58B429081C9FDE6F002FA774 /* FPageFOURViewController.m */,
				58B4290C1C9FFC22002FA774 /* FEmailSignUpNAMEViewController.h */,
				58B4290D1C9FFC22002FA774 /* FEmailSignUpNAMEViewController.m */,
				580C52F21CA1333B0029868F /* FEmailSignUpEMAILViewController.h */,
				580C52F31CA1333B0029868F /* FEmailSignUpEMAILViewController.m */,
				5845C2C01CA91B370060E830 /* FEmailSignUpPASSWORDViewController.h */,
				5845C2C11CA91B370060E830 /* FEmailSignUpPASSWORDViewController.m */,
			);
			name = "First Launch";
			sourceTree = "<group>";
		};
/* End PBXGroup section */

/* Begin PBXNativeTarget section */
		58C9F3E31C3A403E00594407 /* Foodu */ = {
			isa = PBXNativeTarget;
			buildConfigurationList = 58C9F3FB1C3A403E00594407 /* Build configuration list for PBXNativeTarget "Foodu" */;
			buildPhases = (
				28CBB8025289860371642E42 /* Check Pods Manifest.lock */,
				58C9F3E01C3A403E00594407 /* Sources */,
				58C9F3E11C3A403E00594407 /* Frameworks */,
				58C9F3E21C3A403E00594407 /* Resources */,
				04D3899CD3985B4A417583C4 /* Embed Pods Frameworks */,
				89D682C5B91EEB558184DC07 /* Copy Pods Resources */,
				58C899971CAA82D20031E33B /* ShellScript */,
				58114EB91CABB1C800472735 /* ShellScript */,
			);
			buildRules = (
			);
			dependencies = (
			);
			name = Foodu;
			productName = Foodu;
			productReference = 58C9F3E41C3A403E00594407 /* Foodu.app */;
			productType = "com.apple.product-type.application";
		};
/* End PBXNativeTarget section */

/* Begin PBXProject section */
		58C9F3DC1C3A403E00594407 /* Project object */ = {
			isa = PBXProject;
			attributes = {
				CLASSPREFIX = F;
				LastUpgradeCheck = 0710;
				ORGANIZATIONNAME = Paadam;
				TargetAttributes = {
					58C9F3E31C3A403E00594407 = {
						CreatedOnToolsVersion = 7.1;
					};
				};
			};
			buildConfigurationList = 58C9F3DF1C3A403E00594407 /* Build configuration list for PBXProject "Foodu" */;
			compatibilityVersion = "Xcode 3.2";
			developmentRegion = English;
			hasScannedForEncodings = 0;
			knownRegions = (
				en,
				Base,
			);
			mainGroup = 58C9F3DB1C3A403E00594407;
			productRefGroup = 58C9F3E51C3A403E00594407 /* Products */;
			projectDirPath = "";
			projectRoot = "";
			targets = (
				58C9F3E31C3A403E00594407 /* Foodu */,
			);
		};
/* End PBXProject section */

/* Begin PBXResourcesBuildPhase section */
		58C9F3E21C3A403E00594407 /* Resources */ = {
			isa = PBXResourcesBuildPhase;
			buildActionMask = 2147483647;
			files = (
				5802DD791CAD13B0006D9CD7 /* IMG_0101.mp4 in Resources */,
				580BF2C31C98323F00F50499 /* FirstLaunch.storyboard in Resources */,
				582F20CA1CB5128C004976FE /* FEffectCollectionViewCell.xib in Resources */,
				58504A5A1C96B6A000A7E406 /* IMG_0046.PNG in Resources */,
				581389801CB381DF007EF325 /* AAPLCameraViewController.xib in Resources */,
				5813899A1CB3CD5D007EF325 /* FGalleryViewControllers.xib in Resources */,
				58FD8A621CB4FD3800DE51D2 /* FImagePreviewCollectionViewCell.xib in Resources */,
				58C9F3F71C3A403E00594407 /* LaunchScreen.storyboard in Resources */,
				58FD8A5D1CB4EDB200DE51D2 /* FImagePreviewViewController.xib in Resources */,
				581389951CB3C433007EF325 /* AAPLGridViewCell2.xib in Resources */,
				58AD26061C4F5385009AA930 /* FImagePickerCollectionViewCell.xib in Resources */,
				58C9F3F41C3A403E00594407 /* Assets.xcassets in Resources */,
				58C9F3F21C3A403E00594407 /* Main.storyboard in Resources */,
				5812BB9E1C9BF13E00C22FDE /* FLocationPickerViewController.xib in Resources */,
			);
			runOnlyForDeploymentPostprocessing = 0;
		};
/* End PBXResourcesBuildPhase section */

/* Begin PBXShellScriptBuildPhase section */
		04D3899CD3985B4A417583C4 /* Embed Pods Frameworks */ = {
			isa = PBXShellScriptBuildPhase;
			buildActionMask = 2147483647;
			files = (
			);
			inputPaths = (
			);
			name = "Embed Pods Frameworks";
			outputPaths = (
			);
			runOnlyForDeploymentPostprocessing = 0;
			shellPath = /bin/sh;
			shellScript = "\"${SRCROOT}/Pods/Target Support Files/Pods-Foodu/Pods-Foodu-frameworks.sh\"\n";
			showEnvVarsInLog = 0;
		};
		28CBB8025289860371642E42 /* Check Pods Manifest.lock */ = {
			isa = PBXShellScriptBuildPhase;
			buildActionMask = 2147483647;
			files = (
			);
			inputPaths = (
			);
			name = "Check Pods Manifest.lock";
			outputPaths = (
			);
			runOnlyForDeploymentPostprocessing = 0;
			shellPath = /bin/sh;
			shellScript = "diff \"${PODS_ROOT}/../Podfile.lock\" \"${PODS_ROOT}/Manifest.lock\" > /dev/null\nif [[ $? != 0 ]] ; then\n    cat << EOM\nerror: The sandbox is not in sync with the Podfile.lock. Run 'pod install' or update your CocoaPods installation.\nEOM\n    exit 1\nfi\n";
			showEnvVarsInLog = 0;
		};
		58114EB91CABB1C800472735 /* ShellScript */ = {
			isa = PBXShellScriptBuildPhase;
			buildActionMask = 8;
			files = (
			);
			inputPaths = (
			);
			outputPaths = (
			);
			runOnlyForDeploymentPostprocessing = 1;
			shellPath = /bin/bash;
			shellScript = "#!/bin/bash\nbuildNumber=$(/usr/libexec/PlistBuddy -c \"Print CFBundleVersion\" \"$INFOPLIST_FILE\")\nbuildNumber=$(($buildNumber + 1))\n/usr/libexec/PlistBuddy -c \"Set :CFBundleVersion $buildNumber\" \"$INFOPLIST_FILE\"";
		};
		58C899971CAA82D20031E33B /* ShellScript */ = {
			isa = PBXShellScriptBuildPhase;
			buildActionMask = 8;
			files = (
			);
			inputPaths = (
			);
			outputPaths = (
			);
			runOnlyForDeploymentPostprocessing = 1;
			shellPath = /bin/sh;
			shellScript = "\"${PODS_ROOT}/Fabric/run\" fbc89322cf2106940723927a97672a75024b92d8 d4a399c0478c653cdac85f7ac89b92bbe428d53d8ea8e319ca358fb7bc1664ec";
		};
		89D682C5B91EEB558184DC07 /* Copy Pods Resources */ = {
			isa = PBXShellScriptBuildPhase;
			buildActionMask = 2147483647;
			files = (
			);
			inputPaths = (
			);
			name = "Copy Pods Resources";
			outputPaths = (
			);
			runOnlyForDeploymentPostprocessing = 0;
			shellPath = /bin/sh;
			shellScript = "\"${SRCROOT}/Pods/Target Support Files/Pods-Foodu/Pods-Foodu-resources.sh\"\n";
			showEnvVarsInLog = 0;
		};
/* End PBXShellScriptBuildPhase section */

/* Begin PBXSourcesBuildPhase section */
		58C9F3E01C3A403E00594407 /* Sources */ = {
			isa = PBXSourcesBuildPhase;
			buildActionMask = 2147483647;
			files = (
				58FD08281C91825800FC25D7 /* FProfileTableViewCell.m in Sources */,
				5861BD291C3CF18300AE6B96 /* TPFloatRatingView.m in Sources */,
				5812BB9D1C9BF13E00C22FDE /* FLocationPickerViewController.m in Sources */,
				EDF8D1D51C82DCDF008C47DB /* FCurrentUser.m in Sources */,
				ED56C1DC1C7769260013FA71 /* FSignUpOneViewController.m in Sources */,
				5845C2C21CA91B370060E830 /* FEmailSignUpPASSWORDViewController.m in Sources */,
				5813898D1CB3B7A5007EF325 /* UICollectionView+Convenience.m in Sources */,
				5812C4AD1C8976C00055A54B /* FAlertView.m in Sources */,
				58C9F3EC1C3A403E00594407 /* AppDelegate.m in Sources */,
				58846B641C3E9230006CFBFB /* UIColor+FColours.m in Sources */,
				5813897C1CB380A3007EF325 /* AAPLPreviewView.m in Sources */,
				582006D11C3E421C00BD0FCD /* FTabBarController.m in Sources */,
				58A8A7371C99582500D62E24 /* FPageFour.m in Sources */,
				58FD08211C91708600FC25D7 /* FProfileViewController.m in Sources */,
				58A8A7311C994E3D00D62E24 /* FPageThree.m in Sources */,
				58A8A72E1C994E2D00D62E24 /* FPageTwo.m in Sources */,
				58A8A72B1C994E1C00D62E24 /* FPageOne.m in Sources */,
				58ED13341C4CF8E00049F2C2 /* NSIndexSet+NSIndexSet_Convenience.m in Sources */,
				580BF2C61C9835DC00F50499 /* FPageONEViewController.m in Sources */,
				58F37CBE1C7C2F3E005DE1CC /* FImages.m in Sources */,
				58AD26051C4F5385009AA930 /* FImagePickerCollectionViewCell.m in Sources */,
				58114EC11CABC05700472735 /* FGeoListTableViewCell.m in Sources */,
				58F37CBC1C7C2F3E005DE1CC /* FItem.m in Sources */,
				58C9F3E91C3A403E00594407 /* main.m in Sources */,
				580BF2C11C98320800F50499 /* FFirstLaunchViewController.m in Sources */,
				58F37CBD1C7C2F3E005DE1CC /* FRestaurants.m in Sources */,
				58114EC41CABC1F700472735 /* FGeoListTableViewController.m in Sources */,
				58FD8A611CB4FD3800DE51D2 /* FImagePreviewCollectionViewCell.m in Sources */,
				582F20C91CB5128C004976FE /* FEffectCollectionViewCell.m in Sources */,
				58ED13331C4CF8E00049F2C2 /* UICollectionView+UICollectionView_Convenience.m in Sources */,
				EDB9FDEB1C9E711B00616681 /* NSMutableDictionary+FLocation.m in Sources */,
				58114EC71CABC70F00472735 /* PFNextTableViewCell.m in Sources */,
				58B429091C9FDE6F002FA774 /* FPageFOURViewController.m in Sources */,
				580023121C9ADEDA00A7AFB6 /* FPageTHREEViewController.m in Sources */,
				58FD8A5C1CB4EDB200DE51D2 /* FImagePreviewViewController.m in Sources */,
				58AD26181C4FB2EA009AA930 /* FImagePickerController.m in Sources */,
				58A8A7281C99317900D62E24 /* FPageTWOViewController.m in Sources */,
				5813898C1CB3B7A5007EF325 /* NSIndexSet+Convenience.m in Sources */,
				581389941CB3C433007EF325 /* AAPLGridViewCell2.m in Sources */,
				58B4290E1C9FFC22002FA774 /* FEmailSignUpNAMEViewController.m in Sources */,
				581152D71C87191600B592B6 /* Reachability.m in Sources */,
				580C52F41CA1333B0029868F /* FEmailSignUpEMAILViewController.m in Sources */,
				581389991CB3CD5D007EF325 /* FGalleryViewControllers.m in Sources */,
				5813897B1CB380A3007EF325 /* AAPLCameraViewController.m in Sources */,
			);
			runOnlyForDeploymentPostprocessing = 0;
		};
/* End PBXSourcesBuildPhase section */

/* Begin PBXVariantGroup section */
		58C9F3F01C3A403E00594407 /* Main.storyboard */ = {
			isa = PBXVariantGroup;
			children = (
				58C9F3F11C3A403E00594407 /* Base */,
			);
			name = Main.storyboard;
			sourceTree = "<group>";
		};
		58C9F3F51C3A403E00594407 /* LaunchScreen.storyboard */ = {
			isa = PBXVariantGroup;
			children = (
				58C9F3F61C3A403E00594407 /* Base */,
			);
			name = LaunchScreen.storyboard;
			sourceTree = "<group>";
		};
/* End PBXVariantGroup section */

/* Begin XCBuildConfiguration section */
		58C9F3F91C3A403E00594407 /* Debug */ = {
			isa = XCBuildConfiguration;
			buildSettings = {
				ALWAYS_SEARCH_USER_PATHS = NO;
				CLANG_CXX_LANGUAGE_STANDARD = "gnu++0x";
				CLANG_CXX_LIBRARY = "libc++";
				CLANG_ENABLE_MODULES = YES;
				CLANG_ENABLE_OBJC_ARC = YES;
				CLANG_WARN_BOOL_CONVERSION = YES;
				CLANG_WARN_CONSTANT_CONVERSION = YES;
				CLANG_WARN_DIRECT_OBJC_ISA_USAGE = YES_ERROR;
				CLANG_WARN_EMPTY_BODY = YES;
				CLANG_WARN_ENUM_CONVERSION = YES;
				CLANG_WARN_INT_CONVERSION = YES;
				CLANG_WARN_OBJC_ROOT_CLASS = YES_ERROR;
				CLANG_WARN_UNREACHABLE_CODE = YES;
				CLANG_WARN__DUPLICATE_METHOD_MATCH = YES;
				CODE_SIGN_IDENTITY = "iPhone Developer: Abbin Varghese (7NSQ6MWKUS)";
				"CODE_SIGN_IDENTITY[sdk=iphoneos*]" = "iPhone Developer: Abbin Varghese (7NSQ6MWKUS)";
				COPY_PHASE_STRIP = NO;
				DEBUG_INFORMATION_FORMAT = dwarf;
				ENABLE_STRICT_OBJC_MSGSEND = YES;
				ENABLE_TESTABILITY = YES;
				GCC_C_LANGUAGE_STANDARD = gnu99;
				GCC_DYNAMIC_NO_PIC = NO;
				GCC_NO_COMMON_BLOCKS = YES;
				GCC_OPTIMIZATION_LEVEL = 0;
				GCC_PREPROCESSOR_DEFINITIONS = (
					"DEBUG=1",
					"$(inherited)",
				);
				GCC_WARN_64_TO_32_BIT_CONVERSION = YES;
				GCC_WARN_ABOUT_RETURN_TYPE = YES_ERROR;
				GCC_WARN_UNDECLARED_SELECTOR = YES;
				GCC_WARN_UNINITIALIZED_AUTOS = YES_AGGRESSIVE;
				GCC_WARN_UNUSED_FUNCTION = YES;
				GCC_WARN_UNUSED_VARIABLE = YES;
				IPHONEOS_DEPLOYMENT_TARGET = 9.0;
				MTL_ENABLE_DEBUG_INFO = YES;
				ONLY_ACTIVE_ARCH = YES;
				SDKROOT = iphoneos;
				TARGETED_DEVICE_FAMILY = "1,2";
			};
			name = Debug;
		};
		58C9F3FA1C3A403E00594407 /* Release */ = {
			isa = XCBuildConfiguration;
			buildSettings = {
				ALWAYS_SEARCH_USER_PATHS = NO;
				CLANG_CXX_LANGUAGE_STANDARD = "gnu++0x";
				CLANG_CXX_LIBRARY = "libc++";
				CLANG_ENABLE_MODULES = YES;
				CLANG_ENABLE_OBJC_ARC = YES;
				CLANG_WARN_BOOL_CONVERSION = YES;
				CLANG_WARN_CONSTANT_CONVERSION = YES;
				CLANG_WARN_DIRECT_OBJC_ISA_USAGE = YES_ERROR;
				CLANG_WARN_EMPTY_BODY = YES;
				CLANG_WARN_ENUM_CONVERSION = YES;
				CLANG_WARN_INT_CONVERSION = YES;
				CLANG_WARN_OBJC_ROOT_CLASS = YES_ERROR;
				CLANG_WARN_UNREACHABLE_CODE = YES;
				CLANG_WARN__DUPLICATE_METHOD_MATCH = YES;
				CODE_SIGN_IDENTITY = "iPhone Distribution: Abbin Varghese (76JA3GT3D5)";
				"CODE_SIGN_IDENTITY[sdk=iphoneos*]" = "iPhone Distribution: Abbin Varghese (76JA3GT3D5)";
				COPY_PHASE_STRIP = NO;
				DEBUG_INFORMATION_FORMAT = "dwarf-with-dsym";
				ENABLE_NS_ASSERTIONS = NO;
				ENABLE_STRICT_OBJC_MSGSEND = YES;
				GCC_C_LANGUAGE_STANDARD = gnu99;
				GCC_NO_COMMON_BLOCKS = YES;
				GCC_WARN_64_TO_32_BIT_CONVERSION = YES;
				GCC_WARN_ABOUT_RETURN_TYPE = YES_ERROR;
				GCC_WARN_UNDECLARED_SELECTOR = YES;
				GCC_WARN_UNINITIALIZED_AUTOS = YES_AGGRESSIVE;
				GCC_WARN_UNUSED_FUNCTION = YES;
				GCC_WARN_UNUSED_VARIABLE = YES;
				IPHONEOS_DEPLOYMENT_TARGET = 9.0;
				MTL_ENABLE_DEBUG_INFO = NO;
				SDKROOT = iphoneos;
				TARGETED_DEVICE_FAMILY = "1,2";
				VALIDATE_PRODUCT = YES;
			};
			name = Release;
		};
		58C9F3FC1C3A403E00594407 /* Debug */ = {
			isa = XCBuildConfiguration;
			baseConfigurationReference = 3C3FBC2527F742A7ABA557AF /* Pods-Foodu.debug.xcconfig */;
			buildSettings = {
				ASSETCATALOG_COMPILER_APPICON_NAME = AppIcon;
				CODE_SIGN_IDENTITY = "iPhone Developer: Abbin Varghese (7NSQ6MWKUS)";
				DEBUG_INFORMATION_FORMAT = "dwarf-with-dsym";
				ENABLE_BITCODE = YES;
				FRAMEWORK_SEARCH_PATHS = (
					"$(inherited)",
					"$(PROJECT_DIR)/Foodu",
				);
				GCC_PREFIX_HEADER = Foodu/PrefixHeader.pch;
				INFOPLIST_FILE = Foodu/Info.plist;
				IPHONEOS_DEPLOYMENT_TARGET = 9.0;
				LD_RUNPATH_SEARCH_PATHS = "$(inherited) @executable_path/Frameworks";
				PRODUCT_BUNDLE_IDENTIFIER = com.Paadam.Foodu;
				PRODUCT_NAME = "$(TARGET_NAME)";
			};
			name = Debug;
		};
		58C9F3FD1C3A403E00594407 /* Release */ = {
			isa = XCBuildConfiguration;
			baseConfigurationReference = 0AE1ADD613B028C20C0E9482 /* Pods-Foodu.release.xcconfig */;
			buildSettings = {
				ASSETCATALOG_COMPILER_APPICON_NAME = AppIcon;
				CODE_SIGN_IDENTITY = "iPhone Distribution: Abbin Varghese (76JA3GT3D5)";
				ENABLE_BITCODE = YES;
				FRAMEWORK_SEARCH_PATHS = (
					"$(inherited)",
					"$(PROJECT_DIR)/Foodu",
				);
				GCC_PREFIX_HEADER = Foodu/PrefixHeader.pch;
				INFOPLIST_FILE = Foodu/Info.plist;
				IPHONEOS_DEPLOYMENT_TARGET = 9.0;
				LD_RUNPATH_SEARCH_PATHS = "$(inherited) @executable_path/Frameworks";
				PRODUCT_BUNDLE_IDENTIFIER = com.Paadam.Foodu;
				PRODUCT_NAME = "$(TARGET_NAME)";
			};
			name = Release;
		};
/* End XCBuildConfiguration section */

/* Begin XCConfigurationList section */
		58C9F3DF1C3A403E00594407 /* Build configuration list for PBXProject "Foodu" */ = {
			isa = XCConfigurationList;
			buildConfigurations = (
				58C9F3F91C3A403E00594407 /* Debug */,
				58C9F3FA1C3A403E00594407 /* Release */,
			);
			defaultConfigurationIsVisible = 0;
			defaultConfigurationName = Release;
		};
		58C9F3FB1C3A403E00594407 /* Build configuration list for PBXNativeTarget "Foodu" */ = {
			isa = XCConfigurationList;
			buildConfigurations = (
				58C9F3FC1C3A403E00594407 /* Debug */,
				58C9F3FD1C3A403E00594407 /* Release */,
			);
			defaultConfigurationIsVisible = 0;
			defaultConfigurationName = Release;
		};
/* End XCConfigurationList section */
	};
	rootObject = 58C9F3DC1C3A403E00594407 /* Project object */;
}
