// !$*UTF8*$!
{
	archiveVersion = 1;
	classes = {
	};
	objectVersion = 46;
	objects = {

/* Begin PBXBuildFile section */
		144BC0EE56B49D5FB5315F92 /* libPods-Foodu.a in Frameworks */ = {isa = PBXBuildFile; fileRef = CCFAF6497C80E73F5B2BFCC8 /* libPods-Foodu.a */; };
		5810F3551C85BB090032E221 /* FLocationWarningViewController.m in Sources */ = {isa = PBXBuildFile; fileRef = 5810F3531C85BB090032E221 /* FLocationWarningViewController.m */; };
		5810F3561C85BB090032E221 /* FLocationWarningViewController.xib in Resources */ = {isa = PBXBuildFile; fileRef = 5810F3541C85BB090032E221 /* FLocationWarningViewController.xib */; };
		581152D71C87191600B592B6 /* Reachability.m in Sources */ = {isa = PBXBuildFile; fileRef = 581152D61C87191600B592B6 /* Reachability.m */; };
		5812C4AD1C8976C00055A54B /* FAlertView.m in Sources */ = {isa = PBXBuildFile; fileRef = 5812C4AC1C8976C00055A54B /* FAlertView.m */; };
		582006D11C3E421C00BD0FCD /* FTabBarController.m in Sources */ = {isa = PBXBuildFile; fileRef = 582006D01C3E421C00BD0FCD /* FTabBarController.m */; };
		5851CFF71C88014D0039A067 /* FInternetWarningView.m in Sources */ = {isa = PBXBuildFile; fileRef = 5851CFF61C88014D0039A067 /* FInternetWarningView.m */; };
		5861BD291C3CF18300AE6B96 /* TPFloatRatingView.m in Sources */ = {isa = PBXBuildFile; fileRef = 5861BD281C3CF18300AE6B96 /* TPFloatRatingView.m */; };
		58846B641C3E9230006CFBFB /* UIColor+FColours.m in Sources */ = {isa = PBXBuildFile; fileRef = 58846B631C3E9230006CFBFB /* UIColor+FColours.m */; };
		58AD26051C4F5385009AA930 /* FImagePickerCollectionViewCell.m in Sources */ = {isa = PBXBuildFile; fileRef = 58AD26031C4F5385009AA930 /* FImagePickerCollectionViewCell.m */; };
		58AD26061C4F5385009AA930 /* FImagePickerCollectionViewCell.xib in Resources */ = {isa = PBXBuildFile; fileRef = 58AD26041C4F5385009AA930 /* FImagePickerCollectionViewCell.xib */; };
		58AD26181C4FB2EA009AA930 /* FImagePickerController.m in Sources */ = {isa = PBXBuildFile; fileRef = 58AD26171C4FB2EA009AA930 /* FImagePickerController.m */; };
		58C9F3E91C3A403E00594407 /* main.m in Sources */ = {isa = PBXBuildFile; fileRef = 58C9F3E81C3A403E00594407 /* main.m */; };
		58C9F3EC1C3A403E00594407 /* AppDelegate.m in Sources */ = {isa = PBXBuildFile; fileRef = 58C9F3EB1C3A403E00594407 /* AppDelegate.m */; };
		58C9F3F21C3A403E00594407 /* Main.storyboard in Resources */ = {isa = PBXBuildFile; fileRef = 58C9F3F01C3A403E00594407 /* Main.storyboard */; };
		58C9F3F41C3A403E00594407 /* Assets.xcassets in Resources */ = {isa = PBXBuildFile; fileRef = 58C9F3F31C3A403E00594407 /* Assets.xcassets */; };
		58C9F3F71C3A403E00594407 /* LaunchScreen.storyboard in Resources */ = {isa = PBXBuildFile; fileRef = 58C9F3F51C3A403E00594407 /* LaunchScreen.storyboard */; };
		58CA7D201C61F00F0078E972 /* MyMovie.mp4 in Resources */ = {isa = PBXBuildFile; fileRef = 58CA7D1F1C61F00F0078E972 /* MyMovie.mp4 */; };
		58ED13331C4CF8E00049F2C2 /* UICollectionView+UICollectionView_Convenience.m in Sources */ = {isa = PBXBuildFile; fileRef = 58ED13301C4CF8E00049F2C2 /* UICollectionView+UICollectionView_Convenience.m */; };
		58ED13341C4CF8E00049F2C2 /* NSIndexSet+NSIndexSet_Convenience.m in Sources */ = {isa = PBXBuildFile; fileRef = 58ED13321C4CF8E00049F2C2 /* NSIndexSet+NSIndexSet_Convenience.m */; };
		58F37CBC1C7C2F3E005DE1CC /* FItem.m in Sources */ = {isa = PBXBuildFile; fileRef = 58F37CB71C7C2F3E005DE1CC /* FItem.m */; };
		58F37CBD1C7C2F3E005DE1CC /* FRestaurants.m in Sources */ = {isa = PBXBuildFile; fileRef = 58F37CB91C7C2F3E005DE1CC /* FRestaurants.m */; };
		58F37CBE1C7C2F3E005DE1CC /* FImages.m in Sources */ = {isa = PBXBuildFile; fileRef = 58F37CBB1C7C2F3E005DE1CC /* FImages.m */; };
		58FD08211C91708600FC25D7 /* FProfileViewController.m in Sources */ = {isa = PBXBuildFile; fileRef = 58FD08201C91708600FC25D7 /* FProfileViewController.m */; };
		58FD08231C91733800FC25D7 /* Delicious-Strawbery-Food-Wallpaper.jpg in Resources */ = {isa = PBXBuildFile; fileRef = 58FD08221C91733800FC25D7 /* Delicious-Strawbery-Food-Wallpaper.jpg */; };
		58FD08251C91759900FC25D7 /* profile_introduction_00_l-ron-hubbard.jpg in Resources */ = {isa = PBXBuildFile; fileRef = 58FD08241C91759900FC25D7 /* profile_introduction_00_l-ron-hubbard.jpg */; };
		58FD08281C91825800FC25D7 /* FProfileTableViewCell.m in Sources */ = {isa = PBXBuildFile; fileRef = 58FD08271C91825800FC25D7 /* FProfileTableViewCell.m */; };
		58FD082A1C919B3900FC25D7 /* 1457633293_EditDocument.png in Resources */ = {isa = PBXBuildFile; fileRef = 58FD08291C919B3900FC25D7 /* 1457633293_EditDocument.png */; };
		58FD082C1C919B7900FC25D7 /* groups-512.png in Resources */ = {isa = PBXBuildFile; fileRef = 58FD082B1C919B7900FC25D7 /* groups-512.png */; };
		58FD082E1C919BBC00FC25D7 /* 19-512.png in Resources */ = {isa = PBXBuildFile; fileRef = 58FD082D1C919BBC00FC25D7 /* 19-512.png */; };
		58FD08301C919C1600FC25D7 /* App_Store_S4-01.png in Resources */ = {isa = PBXBuildFile; fileRef = 58FD082F1C919C1600FC25D7 /* App_Store_S4-01.png */; };
		58FD08321C919C6A00FC25D7 /* aami17-05-512.png in Resources */ = {isa = PBXBuildFile; fileRef = 58FD08311C919C6A00FC25D7 /* aami17-05-512.png */; };
		58FD08341C919C8800FC25D7 /* SEO_and_Internet_Marketing-96-512.png in Resources */ = {isa = PBXBuildFile; fileRef = 58FD08331C919C8800FC25D7 /* SEO_and_Internet_Marketing-96-512.png */; };
		58FD08361C919CC500FC25D7 /* log_out-512.png in Resources */ = {isa = PBXBuildFile; fileRef = 58FD08351C919CC500FC25D7 /* log_out-512.png */; };
		ED56C1DC1C7769260013FA71 /* FSignUpOneViewController.m in Sources */ = {isa = PBXBuildFile; fileRef = ED56C1DB1C7769260013FA71 /* FSignUpOneViewController.m */; };
		ED58884E1C410B2600922C9A /* FSignUpViewController.m in Sources */ = {isa = PBXBuildFile; fileRef = ED58884D1C410B2600922C9A /* FSignUpViewController.m */; };
		EDF8D1D51C82DCDF008C47DB /* FCurrentUser.m in Sources */ = {isa = PBXBuildFile; fileRef = EDF8D1D41C82DCDF008C47DB /* FCurrentUser.m */; };
/* End PBXBuildFile section */

/* Begin PBXFileReference section */
		0AE1ADD613B028C20C0E9482 /* Pods-Foodu.release.xcconfig */ = {isa = PBXFileReference; includeInIndex = 1; lastKnownFileType = text.xcconfig; name = "Pods-Foodu.release.xcconfig"; path = "Pods/Target Support Files/Pods-Foodu/Pods-Foodu.release.xcconfig"; sourceTree = "<group>"; };
		3C3FBC2527F742A7ABA557AF /* Pods-Foodu.debug.xcconfig */ = {isa = PBXFileReference; includeInIndex = 1; lastKnownFileType = text.xcconfig; name = "Pods-Foodu.debug.xcconfig"; path = "Pods/Target Support Files/Pods-Foodu/Pods-Foodu.debug.xcconfig"; sourceTree = "<group>"; };
		5810F3521C85BB090032E221 /* FLocationWarningViewController.h */ = {isa = PBXFileReference; fileEncoding = 4; lastKnownFileType = sourcecode.c.h; path = FLocationWarningViewController.h; sourceTree = "<group>"; };
		5810F3531C85BB090032E221 /* FLocationWarningViewController.m */ = {isa = PBXFileReference; fileEncoding = 4; lastKnownFileType = sourcecode.c.objc; path = FLocationWarningViewController.m; sourceTree = "<group>"; };
		5810F3541C85BB090032E221 /* FLocationWarningViewController.xib */ = {isa = PBXFileReference; fileEncoding = 4; lastKnownFileType = file.xib; path = FLocationWarningViewController.xib; sourceTree = "<group>"; };
		581152D51C87191600B592B6 /* Reachability.h */ = {isa = PBXFileReference; fileEncoding = 4; lastKnownFileType = sourcecode.c.h; path = Reachability.h; sourceTree = "<group>"; };
		581152D61C87191600B592B6 /* Reachability.m */ = {isa = PBXFileReference; fileEncoding = 4; lastKnownFileType = sourcecode.c.objc; path = Reachability.m; sourceTree = "<group>"; };
		5812C4AB1C8976C00055A54B /* FAlertView.h */ = {isa = PBXFileReference; fileEncoding = 4; lastKnownFileType = sourcecode.c.h; path = FAlertView.h; sourceTree = "<group>"; };
		5812C4AC1C8976C00055A54B /* FAlertView.m */ = {isa = PBXFileReference; fileEncoding = 4; lastKnownFileType = sourcecode.c.objc; path = FAlertView.m; sourceTree = "<group>"; };
		582006CF1C3E421C00BD0FCD /* FTabBarController.h */ = {isa = PBXFileReference; fileEncoding = 4; lastKnownFileType = sourcecode.c.h; path = FTabBarController.h; sourceTree = "<group>"; };
		582006D01C3E421C00BD0FCD /* FTabBarController.m */ = {isa = PBXFileReference; fileEncoding = 4; lastKnownFileType = sourcecode.c.objc; path = FTabBarController.m; sourceTree = "<group>"; };
		5851CFF51C88014D0039A067 /* FInternetWarningView.h */ = {isa = PBXFileReference; fileEncoding = 4; lastKnownFileType = sourcecode.c.h; path = FInternetWarningView.h; sourceTree = "<group>"; };
		5851CFF61C88014D0039A067 /* FInternetWarningView.m */ = {isa = PBXFileReference; fileEncoding = 4; lastKnownFileType = sourcecode.c.objc; path = FInternetWarningView.m; sourceTree = "<group>"; };
		5861BD271C3CF18300AE6B96 /* TPFloatRatingView.h */ = {isa = PBXFileReference; fileEncoding = 4; lastKnownFileType = sourcecode.c.h; path = TPFloatRatingView.h; sourceTree = "<group>"; };
		5861BD281C3CF18300AE6B96 /* TPFloatRatingView.m */ = {isa = PBXFileReference; fileEncoding = 4; lastKnownFileType = sourcecode.c.objc; path = TPFloatRatingView.m; sourceTree = "<group>"; };
		58846B621C3E9230006CFBFB /* UIColor+FColours.h */ = {isa = PBXFileReference; fileEncoding = 4; lastKnownFileType = sourcecode.c.h; path = "UIColor+FColours.h"; sourceTree = "<group>"; };
		58846B631C3E9230006CFBFB /* UIColor+FColours.m */ = {isa = PBXFileReference; fileEncoding = 4; lastKnownFileType = sourcecode.c.objc; path = "UIColor+FColours.m"; sourceTree = "<group>"; };
		58AD26021C4F5385009AA930 /* FImagePickerCollectionViewCell.h */ = {isa = PBXFileReference; fileEncoding = 4; lastKnownFileType = sourcecode.c.h; path = FImagePickerCollectionViewCell.h; sourceTree = "<group>"; };
		58AD26031C4F5385009AA930 /* FImagePickerCollectionViewCell.m */ = {isa = PBXFileReference; fileEncoding = 4; lastKnownFileType = sourcecode.c.objc; path = FImagePickerCollectionViewCell.m; sourceTree = "<group>"; };
		58AD26041C4F5385009AA930 /* FImagePickerCollectionViewCell.xib */ = {isa = PBXFileReference; fileEncoding = 4; lastKnownFileType = file.xib; path = FImagePickerCollectionViewCell.xib; sourceTree = "<group>"; };
		58AD26161C4FB2EA009AA930 /* FImagePickerController.h */ = {isa = PBXFileReference; fileEncoding = 4; lastKnownFileType = sourcecode.c.h; path = FImagePickerController.h; sourceTree = "<group>"; };
		58AD26171C4FB2EA009AA930 /* FImagePickerController.m */ = {isa = PBXFileReference; fileEncoding = 4; lastKnownFileType = sourcecode.c.objc; path = FImagePickerController.m; sourceTree = "<group>"; };
		58C9F3E41C3A403E00594407 /* Foodu.app */ = {isa = PBXFileReference; explicitFileType = wrapper.application; includeInIndex = 0; path = Foodu.app; sourceTree = BUILT_PRODUCTS_DIR; };
		58C9F3E81C3A403E00594407 /* main.m */ = {isa = PBXFileReference; lastKnownFileType = sourcecode.c.objc; path = main.m; sourceTree = "<group>"; };
		58C9F3EA1C3A403E00594407 /* AppDelegate.h */ = {isa = PBXFileReference; lastKnownFileType = sourcecode.c.h; path = AppDelegate.h; sourceTree = "<group>"; };
		58C9F3EB1C3A403E00594407 /* AppDelegate.m */ = {isa = PBXFileReference; lastKnownFileType = sourcecode.c.objc; path = AppDelegate.m; sourceTree = "<group>"; };
		58C9F3F11C3A403E00594407 /* Base */ = {isa = PBXFileReference; lastKnownFileType = file.storyboard; name = Base; path = Base.lproj/Main.storyboard; sourceTree = "<group>"; };
		58C9F3F31C3A403E00594407 /* Assets.xcassets */ = {isa = PBXFileReference; lastKnownFileType = folder.assetcatalog; path = Assets.xcassets; sourceTree = "<group>"; };
		58C9F3F61C3A403E00594407 /* Base */ = {isa = PBXFileReference; lastKnownFileType = file.storyboard; name = Base; path = Base.lproj/LaunchScreen.storyboard; sourceTree = "<group>"; };
		58C9F3F81C3A403E00594407 /* Info.plist */ = {isa = PBXFileReference; lastKnownFileType = text.plist.xml; path = Info.plist; sourceTree = "<group>"; };
		58C9F4131C3A67A100594407 /* PrefixHeader.pch */ = {isa = PBXFileReference; lastKnownFileType = sourcecode.c.h; path = PrefixHeader.pch; sourceTree = "<group>"; };
		58CA7D1F1C61F00F0078E972 /* MyMovie.mp4 */ = {isa = PBXFileReference; lastKnownFileType = file; path = MyMovie.mp4; sourceTree = "<group>"; };
		58ED132F1C4CF8E00049F2C2 /* UICollectionView+UICollectionView_Convenience.h */ = {isa = PBXFileReference; fileEncoding = 4; lastKnownFileType = sourcecode.c.h; path = "UICollectionView+UICollectionView_Convenience.h"; sourceTree = "<group>"; };
		58ED13301C4CF8E00049F2C2 /* UICollectionView+UICollectionView_Convenience.m */ = {isa = PBXFileReference; fileEncoding = 4; lastKnownFileType = sourcecode.c.objc; path = "UICollectionView+UICollectionView_Convenience.m"; sourceTree = "<group>"; };
		58ED13311C4CF8E00049F2C2 /* NSIndexSet+NSIndexSet_Convenience.h */ = {isa = PBXFileReference; fileEncoding = 4; lastKnownFileType = sourcecode.c.h; path = "NSIndexSet+NSIndexSet_Convenience.h"; sourceTree = "<group>"; };
		58ED13321C4CF8E00049F2C2 /* NSIndexSet+NSIndexSet_Convenience.m */ = {isa = PBXFileReference; fileEncoding = 4; lastKnownFileType = sourcecode.c.objc; path = "NSIndexSet+NSIndexSet_Convenience.m"; sourceTree = "<group>"; };
		58F37CB61C7C2F3E005DE1CC /* FItem.h */ = {isa = PBXFileReference; fileEncoding = 4; lastKnownFileType = sourcecode.c.h; path = FItem.h; sourceTree = "<group>"; };
		58F37CB71C7C2F3E005DE1CC /* FItem.m */ = {isa = PBXFileReference; fileEncoding = 4; lastKnownFileType = sourcecode.c.objc; path = FItem.m; sourceTree = "<group>"; };
		58F37CB81C7C2F3E005DE1CC /* FRestaurants.h */ = {isa = PBXFileReference; fileEncoding = 4; lastKnownFileType = sourcecode.c.h; path = FRestaurants.h; sourceTree = "<group>"; };
		58F37CB91C7C2F3E005DE1CC /* FRestaurants.m */ = {isa = PBXFileReference; fileEncoding = 4; lastKnownFileType = sourcecode.c.objc; path = FRestaurants.m; sourceTree = "<group>"; };
		58F37CBA1C7C2F3E005DE1CC /* FImages.h */ = {isa = PBXFileReference; fileEncoding = 4; lastKnownFileType = sourcecode.c.h; path = FImages.h; sourceTree = "<group>"; };
		58F37CBB1C7C2F3E005DE1CC /* FImages.m */ = {isa = PBXFileReference; fileEncoding = 4; lastKnownFileType = sourcecode.c.objc; path = FImages.m; sourceTree = "<group>"; };
		58FD081F1C91708600FC25D7 /* FProfileViewController.h */ = {isa = PBXFileReference; fileEncoding = 4; lastKnownFileType = sourcecode.c.h; path = FProfileViewController.h; sourceTree = "<group>"; };
		58FD08201C91708600FC25D7 /* FProfileViewController.m */ = {isa = PBXFileReference; fileEncoding = 4; lastKnownFileType = sourcecode.c.objc; path = FProfileViewController.m; sourceTree = "<group>"; };
		58FD08221C91733800FC25D7 /* Delicious-Strawbery-Food-Wallpaper.jpg */ = {isa = PBXFileReference; lastKnownFileType = image.jpeg; path = "Delicious-Strawbery-Food-Wallpaper.jpg"; sourceTree = "<group>"; };
		58FD08241C91759900FC25D7 /* profile_introduction_00_l-ron-hubbard.jpg */ = {isa = PBXFileReference; lastKnownFileType = image.jpeg; path = "profile_introduction_00_l-ron-hubbard.jpg"; sourceTree = "<group>"; };
		58FD08261C91825800FC25D7 /* FProfileTableViewCell.h */ = {isa = PBXFileReference; fileEncoding = 4; lastKnownFileType = sourcecode.c.h; path = FProfileTableViewCell.h; sourceTree = "<group>"; };
		58FD08271C91825800FC25D7 /* FProfileTableViewCell.m */ = {isa = PBXFileReference; fileEncoding = 4; lastKnownFileType = sourcecode.c.objc; path = FProfileTableViewCell.m; sourceTree = "<group>"; };
		58FD08291C919B3900FC25D7 /* 1457633293_EditDocument.png */ = {isa = PBXFileReference; lastKnownFileType = image.png; path = 1457633293_EditDocument.png; sourceTree = "<group>"; };
		58FD082B1C919B7900FC25D7 /* groups-512.png */ = {isa = PBXFileReference; lastKnownFileType = image.png; path = "groups-512.png"; sourceTree = "<group>"; };
		58FD082D1C919BBC00FC25D7 /* 19-512.png */ = {isa = PBXFileReference; lastKnownFileType = image.png; path = "19-512.png"; sourceTree = "<group>"; };
		58FD082F1C919C1600FC25D7 /* App_Store_S4-01.png */ = {isa = PBXFileReference; lastKnownFileType = image.png; path = "App_Store_S4-01.png"; sourceTree = "<group>"; };
		58FD08311C919C6A00FC25D7 /* aami17-05-512.png */ = {isa = PBXFileReference; lastKnownFileType = image.png; path = "aami17-05-512.png"; sourceTree = "<group>"; };
		58FD08331C919C8800FC25D7 /* SEO_and_Internet_Marketing-96-512.png */ = {isa = PBXFileReference; lastKnownFileType = image.png; path = "SEO_and_Internet_Marketing-96-512.png"; sourceTree = "<group>"; };
		58FD08351C919CC500FC25D7 /* log_out-512.png */ = {isa = PBXFileReference; lastKnownFileType = image.png; path = "log_out-512.png"; sourceTree = "<group>"; };
		CCFAF6497C80E73F5B2BFCC8 /* libPods-Foodu.a */ = {isa = PBXFileReference; explicitFileType = archive.ar; includeInIndex = 0; path = "libPods-Foodu.a"; sourceTree = BUILT_PRODUCTS_DIR; };
		ED56C1DA1C7769260013FA71 /* FSignUpOneViewController.h */ = {isa = PBXFileReference; fileEncoding = 4; lastKnownFileType = sourcecode.c.h; path = FSignUpOneViewController.h; sourceTree = "<group>"; };
		ED56C1DB1C7769260013FA71 /* FSignUpOneViewController.m */ = {isa = PBXFileReference; fileEncoding = 4; lastKnownFileType = sourcecode.c.objc; path = FSignUpOneViewController.m; sourceTree = "<group>"; };
		ED58884C1C410B2600922C9A /* FSignUpViewController.h */ = {isa = PBXFileReference; fileEncoding = 4; lastKnownFileType = sourcecode.c.h; path = FSignUpViewController.h; sourceTree = "<group>"; };
		ED58884D1C410B2600922C9A /* FSignUpViewController.m */ = {isa = PBXFileReference; fileEncoding = 4; lastKnownFileType = sourcecode.c.objc; path = FSignUpViewController.m; sourceTree = "<group>"; };
		EDF8D1D31C82DCDF008C47DB /* FCurrentUser.h */ = {isa = PBXFileReference; fileEncoding = 4; lastKnownFileType = sourcecode.c.h; path = FCurrentUser.h; sourceTree = "<group>"; };
		EDF8D1D41C82DCDF008C47DB /* FCurrentUser.m */ = {isa = PBXFileReference; fileEncoding = 4; lastKnownFileType = sourcecode.c.objc; path = FCurrentUser.m; sourceTree = "<group>"; };
/* End PBXFileReference section */

/* Begin PBXFrameworksBuildPhase section */
		58C9F3E11C3A403E00594407 /* Frameworks */ = {
			isa = PBXFrameworksBuildPhase;
			buildActionMask = 2147483647;
			files = (
				144BC0EE56B49D5FB5315F92 /* libPods-Foodu.a in Frameworks */,
			);
			runOnlyForDeploymentPostprocessing = 0;
		};
/* End PBXFrameworksBuildPhase section */

/* Begin PBXGroup section */
		3988D154CF887249E48BBE88 /* Pods */ = {
			isa = PBXGroup;
			children = (
				3C3FBC2527F742A7ABA557AF /* Pods-Foodu.debug.xcconfig */,
				0AE1ADD613B028C20C0E9482 /* Pods-Foodu.release.xcconfig */,
			);
			name = Pods;
			sourceTree = "<group>";
		};
		581152D41C87190300B592B6 /* Reachability */ = {
			isa = PBXGroup;
			children = (
				581152D51C87191600B592B6 /* Reachability.h */,
				581152D61C87191600B592B6 /* Reachability.m */,
			);
			name = Reachability;
			sourceTree = "<group>";
		};
		582006CE1C3E280D00BD0FCD /* Tab Bar Controller */ = {
			isa = PBXGroup;
			children = (
				58FD081B1C9151C500FC25D7 /* Profile */,
				582006CF1C3E421C00BD0FCD /* FTabBarController.h */,
				582006D01C3E421C00BD0FCD /* FTabBarController.m */,
			);
			name = "Tab Bar Controller";
			sourceTree = "<group>";
		};
		5823BFB41C589E5D00DEBD18 /* ImagePicker */ = {
			isa = PBXGroup;
			children = (
				58AD26161C4FB2EA009AA930 /* FImagePickerController.h */,
				58AD26171C4FB2EA009AA930 /* FImagePickerController.m */,
				58ED132F1C4CF8E00049F2C2 /* UICollectionView+UICollectionView_Convenience.h */,
				58ED13301C4CF8E00049F2C2 /* UICollectionView+UICollectionView_Convenience.m */,
				58ED13311C4CF8E00049F2C2 /* NSIndexSet+NSIndexSet_Convenience.h */,
				58ED13321C4CF8E00049F2C2 /* NSIndexSet+NSIndexSet_Convenience.m */,
			);
			name = ImagePicker;
			sourceTree = "<group>";
		};
		5823BFB51C589E7400DEBD18 /* Rating */ = {
			isa = PBXGroup;
			children = (
				5861BD271C3CF18300AE6B96 /* TPFloatRatingView.h */,
				5861BD281C3CF18300AE6B96 /* TPFloatRatingView.m */,
			);
			name = Rating;
			sourceTree = "<group>";
		};
		5823BFB61C589E9300DEBD18 /* Colors */ = {
			isa = PBXGroup;
			children = (
				58846B621C3E9230006CFBFB /* UIColor+FColours.h */,
				58846B631C3E9230006CFBFB /* UIColor+FColours.m */,
			);
			name = Colors;
			sourceTree = "<group>";
		};
		5861BD261C3CF0C200AE6B96 /* Customs */ = {
			isa = PBXGroup;
			children = (
				581152D41C87190300B592B6 /* Reachability */,
				5823BFB61C589E9300DEBD18 /* Colors */,
				5823BFB51C589E7400DEBD18 /* Rating */,
				5823BFB41C589E5D00DEBD18 /* ImagePicker */,
			);
			name = Customs;
			sourceTree = "<group>";
		};
		58C9F3DB1C3A403E00594407 = {
			isa = PBXGroup;
			children = (
				58C9F3E61C3A403E00594407 /* Foodu */,
				58C9F3E51C3A403E00594407 /* Products */,
				3988D154CF887249E48BBE88 /* Pods */,
				CC5A19B8C644861B42B73FD7 /* Frameworks */,
			);
			sourceTree = "<group>";
		};
		58C9F3E51C3A403E00594407 /* Products */ = {
			isa = PBXGroup;
			children = (
				58C9F3E41C3A403E00594407 /* Foodu.app */,
			);
			name = Products;
			sourceTree = "<group>";
		};
		58C9F3E61C3A403E00594407 /* Foodu */ = {
			isa = PBXGroup;
			children = (
				5861BD261C3CF0C200AE6B96 /* Customs */,
				58C9F40C1C3A5F3200594407 /* Models */,
				58C9F4021C3A41CD00594407 /* Cells */,
				58C9F3FE1C3A40B400594407 /* ViewControllers */,
				58C9F3EA1C3A403E00594407 /* AppDelegate.h */,
				58C9F3EB1C3A403E00594407 /* AppDelegate.m */,
				58C9F3F01C3A403E00594407 /* Main.storyboard */,
				58C9F3F31C3A403E00594407 /* Assets.xcassets */,
				58C9F3F51C3A403E00594407 /* LaunchScreen.storyboard */,
				58C9F3F81C3A403E00594407 /* Info.plist */,
				58C9F3E71C3A403E00594407 /* Supporting Files */,
			);
			path = Foodu;
			sourceTree = "<group>";
		};
		58C9F3E71C3A403E00594407 /* Supporting Files */ = {
			isa = PBXGroup;
			children = (
				58C9F3E81C3A403E00594407 /* main.m */,
				58C9F4131C3A67A100594407 /* PrefixHeader.pch */,
			);
			name = "Supporting Files";
			sourceTree = "<group>";
		};
		58C9F3FE1C3A40B400594407 /* ViewControllers */ = {
			isa = PBXGroup;
			children = (
				5810F3521C85BB090032E221 /* FLocationWarningViewController.h */,
				5810F3531C85BB090032E221 /* FLocationWarningViewController.m */,
				5810F3541C85BB090032E221 /* FLocationWarningViewController.xib */,
				5812C4AB1C8976C00055A54B /* FAlertView.h */,
				5812C4AC1C8976C00055A54B /* FAlertView.m */,
				5851CFF51C88014D0039A067 /* FInternetWarningView.h */,
				5851CFF61C88014D0039A067 /* FInternetWarningView.m */,
				ED58884B1C410AE300922C9A /* First Launch */,
				582006CE1C3E280D00BD0FCD /* Tab Bar Controller */,
			);
			name = ViewControllers;
			sourceTree = "<group>";
		};
		58C9F4021C3A41CD00594407 /* Cells */ = {
			isa = PBXGroup;
			children = (
				58AD26021C4F5385009AA930 /* FImagePickerCollectionViewCell.h */,
				58AD26031C4F5385009AA930 /* FImagePickerCollectionViewCell.m */,
				58AD26041C4F5385009AA930 /* FImagePickerCollectionViewCell.xib */,
			);
			name = Cells;
			sourceTree = "<group>";
		};
		58C9F40C1C3A5F3200594407 /* Models */ = {
			isa = PBXGroup;
			children = (
				58F37CB51C7C2F2E005DE1CC /* Parse Objects */,
			);
			name = Models;
			sourceTree = "<group>";
		};
		58F37CB51C7C2F2E005DE1CC /* Parse Objects */ = {
			isa = PBXGroup;
			children = (
				EDF8D1D31C82DCDF008C47DB /* FCurrentUser.h */,
				EDF8D1D41C82DCDF008C47DB /* FCurrentUser.m */,
				58F37CB61C7C2F3E005DE1CC /* FItem.h */,
				58F37CB71C7C2F3E005DE1CC /* FItem.m */,
				58F37CB81C7C2F3E005DE1CC /* FRestaurants.h */,
				58F37CB91C7C2F3E005DE1CC /* FRestaurants.m */,
				58F37CBA1C7C2F3E005DE1CC /* FImages.h */,
				58F37CBB1C7C2F3E005DE1CC /* FImages.m */,
			);
			name = "Parse Objects";
			sourceTree = "<group>";
		};
		58FD081B1C9151C500FC25D7 /* Profile */ = {
			isa = PBXGroup;
			children = (
				58FD08351C919CC500FC25D7 /* log_out-512.png */,
				58FD08331C919C8800FC25D7 /* SEO_and_Internet_Marketing-96-512.png */,
				58FD08311C919C6A00FC25D7 /* aami17-05-512.png */,
				58FD082F1C919C1600FC25D7 /* App_Store_S4-01.png */,
				58FD082D1C919BBC00FC25D7 /* 19-512.png */,
				58FD082B1C919B7900FC25D7 /* groups-512.png */,
				58FD08291C919B3900FC25D7 /* 1457633293_EditDocument.png */,
				58FD08241C91759900FC25D7 /* profile_introduction_00_l-ron-hubbard.jpg */,
				58FD08221C91733800FC25D7 /* Delicious-Strawbery-Food-Wallpaper.jpg */,
				58FD081F1C91708600FC25D7 /* FProfileViewController.h */,
				58FD08201C91708600FC25D7 /* FProfileViewController.m */,
				58FD08261C91825800FC25D7 /* FProfileTableViewCell.h */,
				58FD08271C91825800FC25D7 /* FProfileTableViewCell.m */,
			);
			name = Profile;
			sourceTree = "<group>";
		};
		CC5A19B8C644861B42B73FD7 /* Frameworks */ = {
			isa = PBXGroup;
			children = (
				CCFAF6497C80E73F5B2BFCC8 /* libPods-Foodu.a */,
			);
			name = Frameworks;
			sourceTree = "<group>";
		};
		ED58884B1C410AE300922C9A /* First Launch */ = {
			isa = PBXGroup;
			children = (
				58CA7D1F1C61F00F0078E972 /* MyMovie.mp4 */,
				ED58884C1C410B2600922C9A /* FSignUpViewController.h */,
				ED58884D1C410B2600922C9A /* FSignUpViewController.m */,
				ED56C1DA1C7769260013FA71 /* FSignUpOneViewController.h */,
				ED56C1DB1C7769260013FA71 /* FSignUpOneViewController.m */,
			);
			name = "First Launch";
			sourceTree = "<group>";
		};
/* End PBXGroup section */

/* Begin PBXNativeTarget section */
		58C9F3E31C3A403E00594407 /* Foodu */ = {
			isa = PBXNativeTarget;
			buildConfigurationList = 58C9F3FB1C3A403E00594407 /* Build configuration list for PBXNativeTarget "Foodu" */;
			buildPhases = (
				28CBB8025289860371642E42 /* Check Pods Manifest.lock */,
				58C9F3E01C3A403E00594407 /* Sources */,
				58C9F3E11C3A403E00594407 /* Frameworks */,
				58C9F3E21C3A403E00594407 /* Resources */,
				04D3899CD3985B4A417583C4 /* Embed Pods Frameworks */,
				89D682C5B91EEB558184DC07 /* Copy Pods Resources */,
			);
			buildRules = (
			);
			dependencies = (
			);
			name = Foodu;
			productName = Foodu;
			productReference = 58C9F3E41C3A403E00594407 /* Foodu.app */;
			productType = "com.apple.product-type.application";
		};
/* End PBXNativeTarget section */

/* Begin PBXProject section */
		58C9F3DC1C3A403E00594407 /* Project object */ = {
			isa = PBXProject;
			attributes = {
				CLASSPREFIX = F;
				LastUpgradeCheck = 0710;
				ORGANIZATIONNAME = Paadam;
				TargetAttributes = {
					58C9F3E31C3A403E00594407 = {
						CreatedOnToolsVersion = 7.1;
					};
				};
			};
			buildConfigurationList = 58C9F3DF1C3A403E00594407 /* Build configuration list for PBXProject "Foodu" */;
			compatibilityVersion = "Xcode 3.2";
			developmentRegion = English;
			hasScannedForEncodings = 0;
			knownRegions = (
				en,
				Base,
			);
			mainGroup = 58C9F3DB1C3A403E00594407;
			productRefGroup = 58C9F3E51C3A403E00594407 /* Products */;
			projectDirPath = "";
			projectRoot = "";
			targets = (
				58C9F3E31C3A403E00594407 /* Foodu */,
			);
		};
/* End PBXProject section */

/* Begin PBXResourcesBuildPhase section */
		58C9F3E21C3A403E00594407 /* Resources */ = {
			isa = PBXResourcesBuildPhase;
			buildActionMask = 2147483647;
			files = (
				58FD082E1C919BBC00FC25D7 /* 19-512.png in Resources */,
				58FD08341C919C8800FC25D7 /* SEO_and_Internet_Marketing-96-512.png in Resources */,
				58CA7D201C61F00F0078E972 /* MyMovie.mp4 in Resources */,
				5810F3561C85BB090032E221 /* FLocationWarningViewController.xib in Resources */,
				58FD08361C919CC500FC25D7 /* log_out-512.png in Resources */,
				58FD08231C91733800FC25D7 /* Delicious-Strawbery-Food-Wallpaper.jpg in Resources */,
				58C9F3F71C3A403E00594407 /* LaunchScreen.storyboard in Resources */,
				58AD26061C4F5385009AA930 /* FImagePickerCollectionViewCell.xib in Resources */,
				58FD082A1C919B3900FC25D7 /* 1457633293_EditDocument.png in Resources */,
				58FD082C1C919B7900FC25D7 /* groups-512.png in Resources */,
				58FD08251C91759900FC25D7 /* profile_introduction_00_l-ron-hubbard.jpg in Resources */,
				58FD08321C919C6A00FC25D7 /* aami17-05-512.png in Resources */,
				58C9F3F41C3A403E00594407 /* Assets.xcassets in Resources */,
				58C9F3F21C3A403E00594407 /* Main.storyboard in Resources */,
				58FD08301C919C1600FC25D7 /* App_Store_S4-01.png in Resources */,
			);
			runOnlyForDeploymentPostprocessing = 0;
		};
/* End PBXResourcesBuildPhase section */

/* Begin PBXShellScriptBuildPhase section */
		04D3899CD3985B4A417583C4 /* Embed Pods Frameworks */ = {
			isa = PBXShellScriptBuildPhase;
			buildActionMask = 2147483647;
			files = (
			);
			inputPaths = (
			);
			name = "Embed Pods Frameworks";
			outputPaths = (
			);
			runOnlyForDeploymentPostprocessing = 0;
			shellPath = /bin/sh;
			shellScript = "\"${SRCROOT}/Pods/Target Support Files/Pods-Foodu/Pods-Foodu-frameworks.sh\"\n";
			showEnvVarsInLog = 0;
		};
		28CBB8025289860371642E42 /* Check Pods Manifest.lock */ = {
			isa = PBXShellScriptBuildPhase;
			buildActionMask = 2147483647;
			files = (
			);
			inputPaths = (
			);
			name = "Check Pods Manifest.lock";
			outputPaths = (
			);
			runOnlyForDeploymentPostprocessing = 0;
			shellPath = /bin/sh;
			shellScript = "diff \"${PODS_ROOT}/../Podfile.lock\" \"${PODS_ROOT}/Manifest.lock\" > /dev/null\nif [[ $? != 0 ]] ; then\n    cat << EOM\nerror: The sandbox is not in sync with the Podfile.lock. Run 'pod install' or update your CocoaPods installation.\nEOM\n    exit 1\nfi\n";
			showEnvVarsInLog = 0;
		};
		89D682C5B91EEB558184DC07 /* Copy Pods Resources */ = {
			isa = PBXShellScriptBuildPhase;
			buildActionMask = 2147483647;
			files = (
			);
			inputPaths = (
			);
			name = "Copy Pods Resources";
			outputPaths = (
			);
			runOnlyForDeploymentPostprocessing = 0;
			shellPath = /bin/sh;
			shellScript = "\"${SRCROOT}/Pods/Target Support Files/Pods-Foodu/Pods-Foodu-resources.sh\"\n";
			showEnvVarsInLog = 0;
		};
/* End PBXShellScriptBuildPhase section */

/* Begin PBXSourcesBuildPhase section */
		58C9F3E01C3A403E00594407 /* Sources */ = {
			isa = PBXSourcesBuildPhase;
			buildActionMask = 2147483647;
			files = (
				58FD08281C91825800FC25D7 /* FProfileTableViewCell.m in Sources */,
				5861BD291C3CF18300AE6B96 /* TPFloatRatingView.m in Sources */,
				5851CFF71C88014D0039A067 /* FInternetWarningView.m in Sources */,
				EDF8D1D51C82DCDF008C47DB /* FCurrentUser.m in Sources */,
				ED56C1DC1C7769260013FA71 /* FSignUpOneViewController.m in Sources */,
				5812C4AD1C8976C00055A54B /* FAlertView.m in Sources */,
				58C9F3EC1C3A403E00594407 /* AppDelegate.m in Sources */,
				58846B641C3E9230006CFBFB /* UIColor+FColours.m in Sources */,
				582006D11C3E421C00BD0FCD /* FTabBarController.m in Sources */,
				ED58884E1C410B2600922C9A /* FSignUpViewController.m in Sources */,
				58FD08211C91708600FC25D7 /* FProfileViewController.m in Sources */,
				58ED13341C4CF8E00049F2C2 /* NSIndexSet+NSIndexSet_Convenience.m in Sources */,
				58F37CBE1C7C2F3E005DE1CC /* FImages.m in Sources */,
				58AD26051C4F5385009AA930 /* FImagePickerCollectionViewCell.m in Sources */,
				58F37CBC1C7C2F3E005DE1CC /* FItem.m in Sources */,
				58C9F3E91C3A403E00594407 /* main.m in Sources */,
				58F37CBD1C7C2F3E005DE1CC /* FRestaurants.m in Sources */,
				58ED13331C4CF8E00049F2C2 /* UICollectionView+UICollectionView_Convenience.m in Sources */,
				5810F3551C85BB090032E221 /* FLocationWarningViewController.m in Sources */,
				58AD26181C4FB2EA009AA930 /* FImagePickerController.m in Sources */,
				581152D71C87191600B592B6 /* Reachability.m in Sources */,
			);
			runOnlyForDeploymentPostprocessing = 0;
		};
/* End PBXSourcesBuildPhase section */

/* Begin PBXVariantGroup section */
		58C9F3F01C3A403E00594407 /* Main.storyboard */ = {
			isa = PBXVariantGroup;
			children = (
				58C9F3F11C3A403E00594407 /* Base */,
			);
			name = Main.storyboard;
			sourceTree = "<group>";
		};
		58C9F3F51C3A403E00594407 /* LaunchScreen.storyboard */ = {
			isa = PBXVariantGroup;
			children = (
				58C9F3F61C3A403E00594407 /* Base */,
			);
			name = LaunchScreen.storyboard;
			sourceTree = "<group>";
		};
/* End PBXVariantGroup section */

/* Begin XCBuildConfiguration section */
		58C9F3F91C3A403E00594407 /* Debug */ = {
			isa = XCBuildConfiguration;
			buildSettings = {
				ALWAYS_SEARCH_USER_PATHS = NO;
				CLANG_CXX_LANGUAGE_STANDARD = "gnu++0x";
				CLANG_CXX_LIBRARY = "libc++";
				CLANG_ENABLE_MODULES = YES;
				CLANG_ENABLE_OBJC_ARC = YES;
				CLANG_WARN_BOOL_CONVERSION = YES;
				CLANG_WARN_CONSTANT_CONVERSION = YES;
				CLANG_WARN_DIRECT_OBJC_ISA_USAGE = YES_ERROR;
				CLANG_WARN_EMPTY_BODY = YES;
				CLANG_WARN_ENUM_CONVERSION = YES;
				CLANG_WARN_INT_CONVERSION = YES;
				CLANG_WARN_OBJC_ROOT_CLASS = YES_ERROR;
				CLANG_WARN_UNREACHABLE_CODE = YES;
				CLANG_WARN__DUPLICATE_METHOD_MATCH = YES;
				CODE_SIGN_IDENTITY = "iPhone Developer: Abbin Varghese (7NSQ6MWKUS)";
				"CODE_SIGN_IDENTITY[sdk=iphoneos*]" = "iPhone Developer: Abbin Varghese (7NSQ6MWKUS)";
				COPY_PHASE_STRIP = NO;
				DEBUG_INFORMATION_FORMAT = dwarf;
				ENABLE_STRICT_OBJC_MSGSEND = YES;
				ENABLE_TESTABILITY = YES;
				GCC_C_LANGUAGE_STANDARD = gnu99;
				GCC_DYNAMIC_NO_PIC = NO;
				GCC_NO_COMMON_BLOCKS = YES;
				GCC_OPTIMIZATION_LEVEL = 0;
				GCC_PREPROCESSOR_DEFINITIONS = (
					"DEBUG=1",
					"$(inherited)",
				);
				GCC_WARN_64_TO_32_BIT_CONVERSION = YES;
				GCC_WARN_ABOUT_RETURN_TYPE = YES_ERROR;
				GCC_WARN_UNDECLARED_SELECTOR = YES;
				GCC_WARN_UNINITIALIZED_AUTOS = YES_AGGRESSIVE;
				GCC_WARN_UNUSED_FUNCTION = YES;
				GCC_WARN_UNUSED_VARIABLE = YES;
				IPHONEOS_DEPLOYMENT_TARGET = 8.0;
				MTL_ENABLE_DEBUG_INFO = YES;
				ONLY_ACTIVE_ARCH = YES;
				SDKROOT = iphoneos;
				TARGETED_DEVICE_FAMILY = "1,2";
			};
			name = Debug;
		};
		58C9F3FA1C3A403E00594407 /* Release */ = {
			isa = XCBuildConfiguration;
			buildSettings = {
				ALWAYS_SEARCH_USER_PATHS = NO;
				CLANG_CXX_LANGUAGE_STANDARD = "gnu++0x";
				CLANG_CXX_LIBRARY = "libc++";
				CLANG_ENABLE_MODULES = YES;
				CLANG_ENABLE_OBJC_ARC = YES;
				CLANG_WARN_BOOL_CONVERSION = YES;
				CLANG_WARN_CONSTANT_CONVERSION = YES;
				CLANG_WARN_DIRECT_OBJC_ISA_USAGE = YES_ERROR;
				CLANG_WARN_EMPTY_BODY = YES;
				CLANG_WARN_ENUM_CONVERSION = YES;
				CLANG_WARN_INT_CONVERSION = YES;
				CLANG_WARN_OBJC_ROOT_CLASS = YES_ERROR;
				CLANG_WARN_UNREACHABLE_CODE = YES;
				CLANG_WARN__DUPLICATE_METHOD_MATCH = YES;
				CODE_SIGN_IDENTITY = "iPhone Distribution: Abbin Varghese (76JA3GT3D5)";
				"CODE_SIGN_IDENTITY[sdk=iphoneos*]" = "iPhone Distribution: Abbin Varghese (76JA3GT3D5)";
				COPY_PHASE_STRIP = NO;
				DEBUG_INFORMATION_FORMAT = "dwarf-with-dsym";
				ENABLE_NS_ASSERTIONS = NO;
				ENABLE_STRICT_OBJC_MSGSEND = YES;
				GCC_C_LANGUAGE_STANDARD = gnu99;
				GCC_NO_COMMON_BLOCKS = YES;
				GCC_WARN_64_TO_32_BIT_CONVERSION = YES;
				GCC_WARN_ABOUT_RETURN_TYPE = YES_ERROR;
				GCC_WARN_UNDECLARED_SELECTOR = YES;
				GCC_WARN_UNINITIALIZED_AUTOS = YES_AGGRESSIVE;
				GCC_WARN_UNUSED_FUNCTION = YES;
				GCC_WARN_UNUSED_VARIABLE = YES;
				IPHONEOS_DEPLOYMENT_TARGET = 8.0;
				MTL_ENABLE_DEBUG_INFO = NO;
				SDKROOT = iphoneos;
				TARGETED_DEVICE_FAMILY = "1,2";
				VALIDATE_PRODUCT = YES;
			};
			name = Release;
		};
		58C9F3FC1C3A403E00594407 /* Debug */ = {
			isa = XCBuildConfiguration;
			baseConfigurationReference = 3C3FBC2527F742A7ABA557AF /* Pods-Foodu.debug.xcconfig */;
			buildSettings = {
				ASSETCATALOG_COMPILER_APPICON_NAME = AppIcon;
				CODE_SIGN_IDENTITY = "iPhone Developer: Abbin Varghese (7NSQ6MWKUS)";
				ENABLE_BITCODE = YES;
				FRAMEWORK_SEARCH_PATHS = (
					"$(inherited)",
					"$(PROJECT_DIR)/Foodu",
				);
				GCC_PREFIX_HEADER = Foodu/PrefixHeader.pch;
				INFOPLIST_FILE = Foodu/Info.plist;
				IPHONEOS_DEPLOYMENT_TARGET = 8.0;
				LD_RUNPATH_SEARCH_PATHS = "$(inherited) @executable_path/Frameworks";
				PRODUCT_BUNDLE_IDENTIFIER = com.Paadam.Foodu;
				PRODUCT_NAME = "$(TARGET_NAME)";
			};
			name = Debug;
		};
		58C9F3FD1C3A403E00594407 /* Release */ = {
			isa = XCBuildConfiguration;
			baseConfigurationReference = 0AE1ADD613B028C20C0E9482 /* Pods-Foodu.release.xcconfig */;
			buildSettings = {
				ASSETCATALOG_COMPILER_APPICON_NAME = AppIcon;
				CODE_SIGN_IDENTITY = "iPhone Distribution: Abbin Varghese (76JA3GT3D5)";
				ENABLE_BITCODE = YES;
				FRAMEWORK_SEARCH_PATHS = (
					"$(inherited)",
					"$(PROJECT_DIR)/Foodu",
				);
				GCC_PREFIX_HEADER = Foodu/PrefixHeader.pch;
				INFOPLIST_FILE = Foodu/Info.plist;
				IPHONEOS_DEPLOYMENT_TARGET = 8.0;
				LD_RUNPATH_SEARCH_PATHS = "$(inherited) @executable_path/Frameworks";
				PRODUCT_BUNDLE_IDENTIFIER = com.Paadam.Foodu;
				PRODUCT_NAME = "$(TARGET_NAME)";
			};
			name = Release;
		};
/* End XCBuildConfiguration section */

/* Begin XCConfigurationList section */
		58C9F3DF1C3A403E00594407 /* Build configuration list for PBXProject "Foodu" */ = {
			isa = XCConfigurationList;
			buildConfigurations = (
				58C9F3F91C3A403E00594407 /* Debug */,
				58C9F3FA1C3A403E00594407 /* Release */,
			);
			defaultConfigurationIsVisible = 0;
			defaultConfigurationName = Release;
		};
		58C9F3FB1C3A403E00594407 /* Build configuration list for PBXNativeTarget "Foodu" */ = {
			isa = XCConfigurationList;
			buildConfigurations = (
				58C9F3FC1C3A403E00594407 /* Debug */,
				58C9F3FD1C3A403E00594407 /* Release */,
			);
			defaultConfigurationIsVisible = 0;
			defaultConfigurationName = Release;
		};
/* End XCConfigurationList section */
	};
	rootObject = 58C9F3DC1C3A403E00594407 /* Project object */;
}
